
Microsoft Visual Studio Solution File, Format Version 12.00
# Visual Studio 15
VisualStudioVersion = 15.0.28010.2041
MinimumVisualStudioVersion = 10.0.40219.1
Project("{9A19103F-16F7-4668-BE54-9A1E7A4F7556}") = "PorcupineCS", "PorcupineCS\PorcupineCS.csproj", "{912583D6-EF30-4B7F-A710-F30A4BCF3A4F}"
EndProject
Project("{9A19103F-16F7-4668-BE54-9A1E7A4F7556}") = "PorcupineTest", "PorcupineTest\PorcupineTest.csproj", "{839DE713-3B20-4516-A101-CCEA8D364D20}"
EndProject
Global
	GlobalSection(SolutionConfigurationPlatforms) = preSolution
		Debug|Any CPU = Debug|Any CPU
		Release|Any CPU = Release|Any CPU
	EndGlobalSection
	GlobalSection(ProjectConfigurationPlatforms) = postSolution
		{912583D6-EF30-4B7F-A710-F30A4BCF3A4F}.Debug|Any CPU.ActiveCfg = Debug|Any CPU
		{912583D6-EF30-4B7F-A710-F30A4BCF3A4F}.Debug|Any CPU.Build.0 = Debug|Any CPU
		{912583D6-EF30-4B7F-A710-F30A4BCF3A4F}.Release|Any CPU.ActiveCfg = Release|Any CPU
		{912583D6-EF30-4B7F-A710-F30A4BCF3A4F}.Release|Any CPU.Build.0 = Release|Any CPU
		{839DE713-3B20-4516-A101-CCEA8D364D20}.Debug|Any CPU.ActiveCfg = Debug|Any CPU
		{839DE713-3B20-4516-A101-CCEA8D364D20}.Debug|Any CPU.Build.0 = Debug|Any CPU
		{839DE713-3B20-4516-A101-CCEA8D364D20}.Release|Any CPU.ActiveCfg = Release|Any CPU
		{839DE713-3B20-4516-A101-CCEA8D364D20}.Release|Any CPU.Build.0 = Release|Any CPU
	EndGlobalSection
	GlobalSection(SolutionProperties) = preSolution
		HideSolutionNode = FALSE
	EndGlobalSection
	GlobalSection(ExtensibilityGlobals) = postSolution
		SolutionGuid = {B8384AC6-853A-462B-B283-5F8A1F3F47E8}
	EndGlobalSection
EndGlobal
