
Microsoft Visual Studio Solution File, Format Version 12.00
# Visual Studio Version 16
VisualStudioVersion = 16.0.30517.126
MinimumVisualStudioVersion = 10.0.40219.1
Project("{9A19103F-16F7-4668-BE54-9A1E7A4F7556}") = "Porcupine", "Porcupine\Porcupine.csproj", "{C7DD584F-DF0B-4FD4-B7BD-F64483C72F79}"
EndProject
Project("{9A19103F-16F7-4668-BE54-9A1E7A4F7556}") = "PorcupineTest", "PorcupineTest\PorcupineTest.csproj", "{3179843B-9F5B-4BDB-88BA-602C50A5F7DF}"
EndProject
Global
	GlobalSection(SolutionConfigurationPlatforms) = preSolution
		Debug|AnyCPU = Debug|AnyCPU
		Release|AnyCPU = Release|AnyCPU
	EndGlobalSection
	GlobalSection(ProjectConfigurationPlatforms) = postSolution
		{C7DD584F-DF0B-4FD4-B7BD-F64483C72F79}.Debug|AnyCPU.ActiveCfg = Debug|Any CPU
		{C7DD584F-DF0B-4FD4-B7BD-F64483C72F79}.Debug|AnyCPU.Build.0 = Debug|Any CPU
		{C7DD584F-DF0B-4FD4-B7BD-F64483C72F79}.Release|AnyCPU.ActiveCfg = Release|Any CPU
		{C7DD584F-DF0B-4FD4-B7BD-F64483C72F79}.Release|AnyCPU.Build.0 = Release|Any CPU
		{3179843B-9F5B-4BDB-88BA-602C50A5F7DF}.Debug|AnyCPU.ActiveCfg = Debug|Any CPU
		{3179843B-9F5B-4BDB-88BA-602C50A5F7DF}.Debug|AnyCPU.Build.0 = Debug|Any CPU
		{3179843B-9F5B-4BDB-88BA-602C50A5F7DF}.Release|AnyCPU.ActiveCfg = Release|Any CPU
		{3179843B-9F5B-4BDB-88BA-602C50A5F7DF}.Release|AnyCPU.Build.0 = Release|Any CPU
	EndGlobalSection
	GlobalSection(SolutionProperties) = preSolution
		HideSolutionNode = FALSE
	EndGlobalSection
	GlobalSection(ExtensibilityGlobals) = postSolution
		SolutionGuid = {F054A3C2-7E52-472A-B552-05093ADCC142}
	EndGlobalSection
EndGlobal
