// !$*UTF8*$!
{
	archiveVersion = 1;
	classes = {
	};
	objectVersion = 48;
	objects = {

/* Begin PBXBuildFile section */
		BB24735A205F636700D96613 /* porcupine_params.pv in Resources */ = {isa = PBXBuildFile; fileRef = BB247359205F636700D96613 /* porcupine_params.pv */; };
		BB24738D206312DC00D96613 /* PorcupineManager.swift in Sources */ = {isa = PBXBuildFile; fileRef = BB24738C206312DC00D96613 /* PorcupineManager.swift */; };
		BB65C7B2205F4BF400E8770E /* libpv_porcupine.a in Frameworks */ = {isa = PBXBuildFile; fileRef = BB65C7B1205F4BF400E8770E /* libpv_porcupine.a */; };
		BBE66BCE205DD6F7006005B1 /* AppDelegate.swift in Sources */ = {isa = PBXBuildFile; fileRef = BBE66BCD205DD6F7006005B1 /* AppDelegate.swift */; };
		BBE66BD0205DD6F7006005B1 /* ViewController.swift in Sources */ = {isa = PBXBuildFile; fileRef = BBE66BCF205DD6F7006005B1 /* ViewController.swift */; };
		BBE66BD3205DD6F7006005B1 /* Main.storyboard in Resources */ = {isa = PBXBuildFile; fileRef = BBE66BD1205DD6F7006005B1 /* Main.storyboard */; };
		BBE66BD5205DD6F7006005B1 /* Assets.xcassets in Resources */ = {isa = PBXBuildFile; fileRef = BBE66BD4205DD6F7006005B1 /* Assets.xcassets */; };
		BBE66BD8205DD6F7006005B1 /* LaunchScreen.storyboard in Resources */ = {isa = PBXBuildFile; fileRef = BBE66BD6205DD6F7006005B1 /* LaunchScreen.storyboard */; };
		BBFFB333226EC72E00A9DA37 /* grasshopper_ios.ppn in Resources */ = {isa = PBXBuildFile; fileRef = BBFFB321226EC72D00A9DA37 /* grasshopper_ios.ppn */; };
		BBFFB335226EC72E00A9DA37 /* grapefruit_ios.ppn in Resources */ = {isa = PBXBuildFile; fileRef = BBFFB323226EC72D00A9DA37 /* grapefruit_ios.ppn */; };
		BBFFB336226EC72E00A9DA37 /* porcupine_ios.ppn in Resources */ = {isa = PBXBuildFile; fileRef = BBFFB324226EC72D00A9DA37 /* porcupine_ios.ppn */; };
		BBFFB33B226EC72E00A9DA37 /* blueberry_ios.ppn in Resources */ = {isa = PBXBuildFile; fileRef = BBFFB329226EC72E00A9DA37 /* blueberry_ios.ppn */; };
		BBFFB340226EC72E00A9DA37 /* picovoice_ios.ppn in Resources */ = {isa = PBXBuildFile; fileRef = BBFFB32E226EC72E00A9DA37 /* picovoice_ios.ppn */; };
		BBFFB341226EC72E00A9DA37 /* bumblebee_ios.ppn in Resources */ = {isa = PBXBuildFile; fileRef = BBFFB32F226EC72E00A9DA37 /* bumblebee_ios.ppn */; };
		BBFFB342226EC72E00A9DA37 /* americano_ios.ppn in Resources */ = {isa = PBXBuildFile; fileRef = BBFFB330226EC72E00A9DA37 /* americano_ios.ppn */; };
		BBFFB344226EC72E00A9DA37 /* terminator_ios.ppn in Resources */ = {isa = PBXBuildFile; fileRef = BBFFB332226EC72E00A9DA37 /* terminator_ios.ppn */; };
		BBFFB3802272321800A9DA37 /* hey pico_ios.ppn in Resources */ = {isa = PBXBuildFile; fileRef = BBFFB37F2272321800A9DA37 /* hey pico_ios.ppn */; };
/* End PBXBuildFile section */

/* Begin PBXContainerItemProxy section */
		BBE66BDF205DD6F7006005B1 /* PBXContainerItemProxy */ = {
			isa = PBXContainerItemProxy;
			containerPortal = BBE66BC2205DD6F7006005B1 /* Project object */;
			proxyType = 1;
			remoteGlobalIDString = BBE66BC9205DD6F7006005B1;
			remoteInfo = ios;
		};
/* End PBXContainerItemProxy section */

/* Begin PBXFileReference section */
		BB247359205F636700D96613 /* porcupine_params.pv */ = {isa = PBXFileReference; lastKnownFileType = file; name = porcupine_params.pv; path = ../../../lib/common/porcupine_params.pv; sourceTree = "<group>"; };
		BB24738C206312DC00D96613 /* PorcupineManager.swift */ = {isa = PBXFileReference; fileEncoding = 4; lastKnownFileType = sourcecode.swift; name = PorcupineManager.swift; path = ../../../binding/ios/PorcupineManager.swift; sourceTree = "<group>"; };
		BB65C7AF205EEBB300E8770E /* module.modulemap */ = {isa = PBXFileReference; fileEncoding = 4; lastKnownFileType = "sourcecode.module-map"; path = module.modulemap; sourceTree = "<group>"; };
		BB65C7B1205F4BF400E8770E /* libpv_porcupine.a */ = {isa = PBXFileReference; lastKnownFileType = archive.ar; name = libpv_porcupine.a; path = ../../lib/ios/libpv_porcupine.a; sourceTree = "<group>"; };
		BBE66BCA205DD6F7006005B1 /* PorcupineDemo.app */ = {isa = PBXFileReference; explicitFileType = wrapper.application; includeInIndex = 0; path = PorcupineDemo.app; sourceTree = BUILT_PRODUCTS_DIR; };
		BBE66BCD205DD6F7006005B1 /* AppDelegate.swift */ = {isa = PBXFileReference; lastKnownFileType = sourcecode.swift; path = AppDelegate.swift; sourceTree = "<group>"; };
		BBE66BCF205DD6F7006005B1 /* ViewController.swift */ = {isa = PBXFileReference; lastKnownFileType = sourcecode.swift; path = ViewController.swift; sourceTree = "<group>"; };
		BBE66BD2205DD6F7006005B1 /* Base */ = {isa = PBXFileReference; lastKnownFileType = file.storyboard; name = Base; path = Base.lproj/Main.storyboard; sourceTree = "<group>"; };
		BBE66BD4205DD6F7006005B1 /* Assets.xcassets */ = {isa = PBXFileReference; lastKnownFileType = folder.assetcatalog; path = Assets.xcassets; sourceTree = "<group>"; };
		BBE66BD7205DD6F7006005B1 /* Base */ = {isa = PBXFileReference; lastKnownFileType = file.storyboard; name = Base; path = Base.lproj/LaunchScreen.storyboard; sourceTree = "<group>"; };
		BBE66BD9205DD6F7006005B1 /* Info.plist */ = {isa = PBXFileReference; lastKnownFileType = text.plist.xml; path = Info.plist; sourceTree = "<group>"; };
		BBE66BDE205DD6F7006005B1 /* PorcupineDemoTests.xctest */ = {isa = PBXFileReference; explicitFileType = wrapper.cfbundle; includeInIndex = 0; path = PorcupineDemoTests.xctest; sourceTree = BUILT_PRODUCTS_DIR; };
		BBFFB321226EC72D00A9DA37 /* grasshopper_ios.ppn */ = {isa = PBXFileReference; fileEncoding = 4; lastKnownFileType = text; name = grasshopper_ios.ppn; path = ios/grasshopper_ios.ppn; sourceTree = "<group>"; };
		BBFFB323226EC72D00A9DA37 /* grapefruit_ios.ppn */ = {isa = PBXFileReference; fileEncoding = 4; lastKnownFileType = text; name = grapefruit_ios.ppn; path = ios/grapefruit_ios.ppn; sourceTree = "<group>"; };
		BBFFB324226EC72D00A9DA37 /* porcupine_ios.ppn */ = {isa = PBXFileReference; lastKnownFileType = file; name = porcupine_ios.ppn; path = ios/porcupine_ios.ppn; sourceTree = "<group>"; };
		BBFFB329226EC72E00A9DA37 /* blueberry_ios.ppn */ = {isa = PBXFileReference; fileEncoding = 4; lastKnownFileType = text; name = blueberry_ios.ppn; path = ios/blueberry_ios.ppn; sourceTree = "<group>"; };
		BBFFB32E226EC72E00A9DA37 /* picovoice_ios.ppn */ = {isa = PBXFileReference; lastKnownFileType = file; name = picovoice_ios.ppn; path = ios/picovoice_ios.ppn; sourceTree = "<group>"; };
		BBFFB32F226EC72E00A9DA37 /* bumblebee_ios.ppn */ = {isa = PBXFileReference; lastKnownFileType = file; name = bumblebee_ios.ppn; path = ios/bumblebee_ios.ppn; sourceTree = "<group>"; };
		BBFFB330226EC72E00A9DA37 /* americano_ios.ppn */ = {isa = PBXFileReference; lastKnownFileType = file; name = americano_ios.ppn; path = ios/americano_ios.ppn; sourceTree = "<group>"; };
		BBFFB332226EC72E00A9DA37 /* terminator_ios.ppn */ = {isa = PBXFileReference; lastKnownFileType = file; name = terminator_ios.ppn; path = ios/terminator_ios.ppn; sourceTree = "<group>"; };
		BBFFB37F2272321800A9DA37 /* hey pico_ios.ppn */ = {isa = PBXFileReference; lastKnownFileType = file; name = "hey pico_ios.ppn"; path = "ios/hey pico_ios.ppn"; sourceTree = "<group>"; };
/* End PBXFileReference section */

/* Begin PBXFrameworksBuildPhase section */
		BBE66BC7205DD6F7006005B1 /* Frameworks */ = {
			isa = PBXFrameworksBuildPhase;
			buildActionMask = 2147483647;
			files = (
				BB65C7B2205F4BF400E8770E /* libpv_porcupine.a in Frameworks */,
			);
			runOnlyForDeploymentPostprocessing = 0;
		};
		BBE66BDB205DD6F7006005B1 /* Frameworks */ = {
			isa = PBXFrameworksBuildPhase;
			buildActionMask = 2147483647;
			files = (
			);
			runOnlyForDeploymentPostprocessing = 0;
		};
/* End PBXFrameworksBuildPhase section */

/* Begin PBXGroup section */
		BB247361206164C400D96613 /* keyword_files */ = {
			isa = PBXGroup;
			children = (
				BBFFB37F2272321800A9DA37 /* hey pico_ios.ppn */,
				BBFFB330226EC72E00A9DA37 /* americano_ios.ppn */,
				BBFFB329226EC72E00A9DA37 /* blueberry_ios.ppn */,
				BBFFB32F226EC72E00A9DA37 /* bumblebee_ios.ppn */,
				BBFFB323226EC72D00A9DA37 /* grapefruit_ios.ppn */,
				BBFFB321226EC72D00A9DA37 /* grasshopper_ios.ppn */,
				BBFFB32E226EC72E00A9DA37 /* picovoice_ios.ppn */,
				BBFFB324226EC72D00A9DA37 /* porcupine_ios.ppn */,
				BBFFB332226EC72E00A9DA37 /* terminator_ios.ppn */,
			);
			name = keyword_files;
			path = ../../../resources/keyword_files;
			sourceTree = "<group>";
		};
		BB65C7B0205F4BF400E8770E /* Frameworks */ = {
			isa = PBXGroup;
			children = (
				BB65C7B1205F4BF400E8770E /* libpv_porcupine.a */,
			);
			name = Frameworks;
			sourceTree = "<group>";
		};
		BBE66BC1205DD6F7006005B1 = {
			isa = PBXGroup;
			children = (
				BBE66BCC205DD6F7006005B1 /* PorcupineDemo */,
				BBE66BCB205DD6F7006005B1 /* Products */,
				BB65C7B0205F4BF400E8770E /* Frameworks */,
			);
			sourceTree = "<group>";
		};
		BBE66BCB205DD6F7006005B1 /* Products */ = {
			isa = PBXGroup;
			children = (
				BBE66BCA205DD6F7006005B1 /* PorcupineDemo.app */,
				BBE66BDE205DD6F7006005B1 /* PorcupineDemoTests.xctest */,
			);
			name = Products;
			sourceTree = "<group>";
		};
		BBE66BCC205DD6F7006005B1 /* PorcupineDemo */ = {
			isa = PBXGroup;
			children = (
				BB24738C206312DC00D96613 /* PorcupineManager.swift */,
				BB247361206164C400D96613 /* keyword_files */,
				BB247359205F636700D96613 /* porcupine_params.pv */,
				BB65C7AF205EEBB300E8770E /* module.modulemap */,
				BBE66BCD205DD6F7006005B1 /* AppDelegate.swift */,
				BBE66BCF205DD6F7006005B1 /* ViewController.swift */,
				BBE66BD1205DD6F7006005B1 /* Main.storyboard */,
				BBE66BD4205DD6F7006005B1 /* Assets.xcassets */,
				BBE66BD6205DD6F7006005B1 /* LaunchScreen.storyboard */,
				BBE66BD9205DD6F7006005B1 /* Info.plist */,
			);
			path = PorcupineDemo;
			sourceTree = "<group>";
		};
/* End PBXGroup section */

/* Begin PBXNativeTarget section */
		BBE66BC9205DD6F7006005B1 /* PorcupineDemo */ = {
			isa = PBXNativeTarget;
			buildConfigurationList = BBE66BE7205DD6F7006005B1 /* Build configuration list for PBXNativeTarget "PorcupineDemo" */;
			buildPhases = (
				BBE66BC6205DD6F7006005B1 /* Sources */,
				BBE66BC7205DD6F7006005B1 /* Frameworks */,
				BBE66BC8205DD6F7006005B1 /* Resources */,
			);
			buildRules = (
			);
			dependencies = (
			);
			name = PorcupineDemo;
			productName = ios;
			productReference = BBE66BCA205DD6F7006005B1 /* PorcupineDemo.app */;
			productType = "com.apple.product-type.application";
		};
		BBE66BDD205DD6F7006005B1 /* PorcupineDemoTests */ = {
			isa = PBXNativeTarget;
			buildConfigurationList = BBE66BEA205DD6F7006005B1 /* Build configuration list for PBXNativeTarget "PorcupineDemoTests" */;
			buildPhases = (
				BBE66BDA205DD6F7006005B1 /* Sources */,
				BBE66BDB205DD6F7006005B1 /* Frameworks */,
				BBE66BDC205DD6F7006005B1 /* Resources */,
			);
			buildRules = (
			);
			dependencies = (
				BBE66BE0205DD6F7006005B1 /* PBXTargetDependency */,
			);
			name = PorcupineDemoTests;
			productName = iosTests;
			productReference = BBE66BDE205DD6F7006005B1 /* PorcupineDemoTests.xctest */;
			productType = "com.apple.product-type.bundle.unit-test";
		};
/* End PBXNativeTarget section */

/* Begin PBXProject section */
		BBE66BC2205DD6F7006005B1 /* Project object */ = {
			isa = PBXProject;
			attributes = {
				LastSwiftUpdateCheck = 0920;
				LastUpgradeCheck = 0930;
				ORGANIZATIONNAME = Picovoice;
				TargetAttributes = {
					BBE66BC9205DD6F7006005B1 = {
						CreatedOnToolsVersion = 9.2;
						ProvisioningStyle = Automatic;
						SystemCapabilities = {
							com.apple.BackgroundModes = {
								enabled = 1;
							};
						};
					};
					BBE66BDD205DD6F7006005B1 = {
						CreatedOnToolsVersion = 9.2;
						ProvisioningStyle = Automatic;
						TestTargetID = BBE66BC9205DD6F7006005B1;
					};
				};
			};
			buildConfigurationList = BBE66BC5205DD6F7006005B1 /* Build configuration list for PBXProject "PorcupineDemoNoWatch" */;
			compatibilityVersion = "Xcode 8.0";
			developmentRegion = en;
			hasScannedForEncodings = 0;
			knownRegions = (
				en,
				Base,
			);
			mainGroup = BBE66BC1205DD6F7006005B1;
			productRefGroup = BBE66BCB205DD6F7006005B1 /* Products */;
			projectDirPath = "";
			projectRoot = "";
			targets = (
				BBE66BC9205DD6F7006005B1 /* PorcupineDemo */,
				BBE66BDD205DD6F7006005B1 /* PorcupineDemoTests */,
			);
		};
/* End PBXProject section */

/* Begin PBXResourcesBuildPhase section */
		BBE66BC8205DD6F7006005B1 /* Resources */ = {
			isa = PBXResourcesBuildPhase;
			buildActionMask = 2147483647;
			files = (
				BBFFB335226EC72E00A9DA37 /* grapefruit_ios.ppn in Resources */,
				BBFFB33B226EC72E00A9DA37 /* blueberry_ios.ppn in Resources */,
				BBE66BD8205DD6F7006005B1 /* LaunchScreen.storyboard in Resources */,
				BBFFB333226EC72E00A9DA37 /* grasshopper_ios.ppn in Resources */,
				BBE66BD5205DD6F7006005B1 /* Assets.xcassets in Resources */,
				BBFFB340226EC72E00A9DA37 /* picovoice_ios.ppn in Resources */,
				BBFFB336226EC72E00A9DA37 /* porcupine_ios.ppn in Resources */,
				BBFFB3802272321800A9DA37 /* hey pico_ios.ppn in Resources */,
				BBFFB341226EC72E00A9DA37 /* bumblebee_ios.ppn in Resources */,
				BBE66BD3205DD6F7006005B1 /* Main.storyboard in Resources */,
				BBFFB342226EC72E00A9DA37 /* americano_ios.ppn in Resources */,
				BBFFB344226EC72E00A9DA37 /* terminator_ios.ppn in Resources */,
				BB24735A205F636700D96613 /* porcupine_params.pv in Resources */,
			);
			runOnlyForDeploymentPostprocessing = 0;
		};
		BBE66BDC205DD6F7006005B1 /* Resources */ = {
			isa = PBXResourcesBuildPhase;
			buildActionMask = 2147483647;
			files = (
			);
			runOnlyForDeploymentPostprocessing = 0;
		};
/* End PBXResourcesBuildPhase section */

/* Begin PBXSourcesBuildPhase section */
		BBE66BC6205DD6F7006005B1 /* Sources */ = {
			isa = PBXSourcesBuildPhase;
			buildActionMask = 2147483647;
			files = (
				BB24738D206312DC00D96613 /* PorcupineManager.swift in Sources */,
				BBE66BD0205DD6F7006005B1 /* ViewController.swift in Sources */,
				BBE66BCE205DD6F7006005B1 /* AppDelegate.swift in Sources */,
			);
			runOnlyForDeploymentPostprocessing = 0;
		};
		BBE66BDA205DD6F7006005B1 /* Sources */ = {
			isa = PBXSourcesBuildPhase;
			buildActionMask = 2147483647;
			files = (
			);
			runOnlyForDeploymentPostprocessing = 0;
		};
/* End PBXSourcesBuildPhase section */

/* Begin PBXTargetDependency section */
		BBE66BE0205DD6F7006005B1 /* PBXTargetDependency */ = {
			isa = PBXTargetDependency;
			target = BBE66BC9205DD6F7006005B1 /* PorcupineDemo */;
			targetProxy = BBE66BDF205DD6F7006005B1 /* PBXContainerItemProxy */;
		};
/* End PBXTargetDependency section */

/* Begin PBXVariantGroup section */
		BBE66BD1205DD6F7006005B1 /* Main.storyboard */ = {
			isa = PBXVariantGroup;
			children = (
				BBE66BD2205DD6F7006005B1 /* Base */,
			);
			name = Main.storyboard;
			sourceTree = "<group>";
		};
		BBE66BD6205DD6F7006005B1 /* LaunchScreen.storyboard */ = {
			isa = PBXVariantGroup;
			children = (
				BBE66BD7205DD6F7006005B1 /* Base */,
			);
			name = LaunchScreen.storyboard;
			sourceTree = "<group>";
		};
/* End PBXVariantGroup section */

/* Begin XCBuildConfiguration section */
		BBE66BE5205DD6F7006005B1 /* Debug */ = {
			isa = XCBuildConfiguration;
			buildSettings = {
				ALWAYS_SEARCH_USER_PATHS = NO;
				CLANG_ANALYZER_NONNULL = YES;
				CLANG_ANALYZER_NUMBER_OBJECT_CONVERSION = YES_AGGRESSIVE;
				CLANG_CXX_LANGUAGE_STANDARD = "gnu++14";
				CLANG_CXX_LIBRARY = "libc++";
				CLANG_ENABLE_MODULES = YES;
				CLANG_ENABLE_OBJC_ARC = YES;
				CLANG_WARN_BLOCK_CAPTURE_AUTORELEASING = YES;
				CLANG_WARN_BOOL_CONVERSION = YES;
				CLANG_WARN_COMMA = YES;
				CLANG_WARN_CONSTANT_CONVERSION = YES;
				CLANG_WARN_DEPRECATED_OBJC_IMPLEMENTATIONS = YES;
				CLANG_WARN_DIRECT_OBJC_ISA_USAGE = YES_ERROR;
				CLANG_WARN_DOCUMENTATION_COMMENTS = YES;
				CLANG_WARN_EMPTY_BODY = YES;
				CLANG_WARN_ENUM_CONVERSION = YES;
				CLANG_WARN_INFINITE_RECURSION = YES;
				CLANG_WARN_INT_CONVERSION = YES;
				CLANG_WARN_NON_LITERAL_NULL_CONVERSION = YES;
				CLANG_WARN_OBJC_IMPLICIT_RETAIN_SELF = YES;
				CLANG_WARN_OBJC_LITERAL_CONVERSION = YES;
				CLANG_WARN_OBJC_ROOT_CLASS = YES_ERROR;
				CLANG_WARN_RANGE_LOOP_ANALYSIS = YES;
				CLANG_WARN_STRICT_PROTOTYPES = YES;
				CLANG_WARN_SUSPICIOUS_MOVE = YES;
				CLANG_WARN_UNGUARDED_AVAILABILITY = YES_AGGRESSIVE;
				CLANG_WARN_UNREACHABLE_CODE = YES;
				CLANG_WARN__DUPLICATE_METHOD_MATCH = YES;
				CODE_SIGN_IDENTITY = "iPhone Developer";
				COPY_PHASE_STRIP = NO;
				DEBUG_INFORMATION_FORMAT = dwarf;
				ENABLE_STRICT_OBJC_MSGSEND = YES;
				ENABLE_TESTABILITY = YES;
				GCC_C_LANGUAGE_STANDARD = gnu11;
				GCC_DYNAMIC_NO_PIC = NO;
				GCC_NO_COMMON_BLOCKS = YES;
				GCC_OPTIMIZATION_LEVEL = 0;
				GCC_PREPROCESSOR_DEFINITIONS = (
					"DEBUG=1",
					"$(inherited)",
				);
				GCC_WARN_64_TO_32_BIT_CONVERSION = YES;
				GCC_WARN_ABOUT_RETURN_TYPE = YES_ERROR;
				GCC_WARN_UNDECLARED_SELECTOR = YES;
				GCC_WARN_UNINITIALIZED_AUTOS = YES_AGGRESSIVE;
				GCC_WARN_UNUSED_FUNCTION = YES;
				GCC_WARN_UNUSED_VARIABLE = YES;
				IPHONEOS_DEPLOYMENT_TARGET = 11.2;
				MTL_ENABLE_DEBUG_INFO = YES;
				ONLY_ACTIVE_ARCH = YES;
				SDKROOT = iphoneos;
				SWIFT_ACTIVE_COMPILATION_CONDITIONS = DEBUG;
				SWIFT_INCLUDE_PATHS = "${SRCROOT}";
				SWIFT_OPTIMIZATION_LEVEL = "-Onone";
			};
			name = Debug;
		};
		BBE66BE6205DD6F7006005B1 /* Release */ = {
			isa = XCBuildConfiguration;
			buildSettings = {
				ALWAYS_SEARCH_USER_PATHS = NO;
				CLANG_ANALYZER_NONNULL = YES;
				CLANG_ANALYZER_NUMBER_OBJECT_CONVERSION = YES_AGGRESSIVE;
				CLANG_CXX_LANGUAGE_STANDARD = "gnu++14";
				CLANG_CXX_LIBRARY = "libc++";
				CLANG_ENABLE_MODULES = YES;
				CLANG_ENABLE_OBJC_ARC = YES;
				CLANG_WARN_BLOCK_CAPTURE_AUTORELEASING = YES;
				CLANG_WARN_BOOL_CONVERSION = YES;
				CLANG_WARN_COMMA = YES;
				CLANG_WARN_CONSTANT_CONVERSION = YES;
				CLANG_WARN_DEPRECATED_OBJC_IMPLEMENTATIONS = YES;
				CLANG_WARN_DIRECT_OBJC_ISA_USAGE = YES_ERROR;
				CLANG_WARN_DOCUMENTATION_COMMENTS = YES;
				CLANG_WARN_EMPTY_BODY = YES;
				CLANG_WARN_ENUM_CONVERSION = YES;
				CLANG_WARN_INFINITE_RECURSION = YES;
				CLANG_WARN_INT_CONVERSION = YES;
				CLANG_WARN_NON_LITERAL_NULL_CONVERSION = YES;
				CLANG_WARN_OBJC_IMPLICIT_RETAIN_SELF = YES;
				CLANG_WARN_OBJC_LITERAL_CONVERSION = YES;
				CLANG_WARN_OBJC_ROOT_CLASS = YES_ERROR;
				CLANG_WARN_RANGE_LOOP_ANALYSIS = YES;
				CLANG_WARN_STRICT_PROTOTYPES = YES;
				CLANG_WARN_SUSPICIOUS_MOVE = YES;
				CLANG_WARN_UNGUARDED_AVAILABILITY = YES_AGGRESSIVE;
				CLANG_WARN_UNREACHABLE_CODE = YES;
				CLANG_WARN__DUPLICATE_METHOD_MATCH = YES;
				CODE_SIGN_IDENTITY = "iPhone Developer";
				COPY_PHASE_STRIP = NO;
				DEBUG_INFORMATION_FORMAT = "dwarf-with-dsym";
				ENABLE_NS_ASSERTIONS = NO;
				ENABLE_STRICT_OBJC_MSGSEND = YES;
				GCC_C_LANGUAGE_STANDARD = gnu11;
				GCC_NO_COMMON_BLOCKS = YES;
				GCC_WARN_64_TO_32_BIT_CONVERSION = YES;
				GCC_WARN_ABOUT_RETURN_TYPE = YES_ERROR;
				GCC_WARN_UNDECLARED_SELECTOR = YES;
				GCC_WARN_UNINITIALIZED_AUTOS = YES_AGGRESSIVE;
				GCC_WARN_UNUSED_FUNCTION = YES;
				GCC_WARN_UNUSED_VARIABLE = YES;
				IPHONEOS_DEPLOYMENT_TARGET = 11.2;
				MTL_ENABLE_DEBUG_INFO = NO;
				SDKROOT = iphoneos;
				SWIFT_INCLUDE_PATHS = "${SRCROOT}";
				SWIFT_OPTIMIZATION_LEVEL = "-Owholemodule";
				VALIDATE_PRODUCT = YES;
			};
			name = Release;
		};
		BBE66BE8205DD6F7006005B1 /* Debug */ = {
			isa = XCBuildConfiguration;
			buildSettings = {
				ASSETCATALOG_COMPILER_APPICON_NAME = AppIcon;
				CODE_SIGN_STYLE = Automatic;
				DEVELOPMENT_TEAM = 5KNTYR3JP3;
				INFOPLIST_FILE = "$(SRCROOT)/PorcupineDemo/Info.plist";
				IPHONEOS_DEPLOYMENT_TARGET = 12.1;
				LD_RUNPATH_SEARCH_PATHS = "$(inherited) @executable_path/Frameworks";
				LIBRARY_SEARCH_PATHS = "${SRCROOT}/../../lib/ios";
				PRODUCT_BUNDLE_IDENTIFIER = picovoice.porcupine;
				PRODUCT_NAME = "$(TARGET_NAME)";
				SWIFT_VERSION = 4.0;
				TARGETED_DEVICE_FAMILY = "1,2";
			};
			name = Debug;
		};
		BBE66BE9205DD6F7006005B1 /* Release */ = {
			isa = XCBuildConfiguration;
			buildSettings = {
				ASSETCATALOG_COMPILER_APPICON_NAME = AppIcon;
				CODE_SIGN_STYLE = Automatic;
				DEVELOPMENT_TEAM = 5KNTYR3JP3;
				INFOPLIST_FILE = "$(SRCROOT)/PorcupineDemo/Info.plist";
				IPHONEOS_DEPLOYMENT_TARGET = 12.1;
				LD_RUNPATH_SEARCH_PATHS = "$(inherited) @executable_path/Frameworks";
				LIBRARY_SEARCH_PATHS = "${SRCROOT}/../../lib/ios";
				PRODUCT_BUNDLE_IDENTIFIER = picovoice.porcupine;
				PRODUCT_NAME = "$(TARGET_NAME)";
				SWIFT_VERSION = 4.0;
				TARGETED_DEVICE_FAMILY = "1,2";
			};
			name = Release;
		};
		BBE66BEB205DD6F7006005B1 /* Debug */ = {
			isa = XCBuildConfiguration;
			buildSettings = {
				ALWAYS_EMBED_SWIFT_STANDARD_LIBRARIES = YES;
				BUNDLE_LOADER = "$(TEST_HOST)";
				CODE_SIGN_STYLE = Automatic;
				INFOPLIST_FILE = iosTests/Info.plist;
				LD_RUNPATH_SEARCH_PATHS = "$(inherited) @executable_path/Frameworks @loader_path/Frameworks";
				PRODUCT_BUNDLE_IDENTIFIER = picovoice.iosTests;
				PRODUCT_NAME = "$(TARGET_NAME)";
				SWIFT_VERSION = 4.0;
				TARGETED_DEVICE_FAMILY = "1,2";
				TEST_HOST = "$(BUILT_PRODUCTS_DIR)/PorcupineDemo.app/PorcupineDemo";
			};
			name = Debug;
		};
		BBE66BEC205DD6F7006005B1 /* Release */ = {
			isa = XCBuildConfiguration;
			buildSettings = {
				ALWAYS_EMBED_SWIFT_STANDARD_LIBRARIES = YES;
				BUNDLE_LOADER = "$(TEST_HOST)";
				CODE_SIGN_STYLE = Automatic;
				INFOPLIST_FILE = iosTests/Info.plist;
				LD_RUNPATH_SEARCH_PATHS = "$(inherited) @executable_path/Frameworks @loader_path/Frameworks";
				PRODUCT_BUNDLE_IDENTIFIER = picovoice.iosTests;
				PRODUCT_NAME = "$(TARGET_NAME)";
				SWIFT_VERSION = 4.0;
				TARGETED_DEVICE_FAMILY = "1,2";
				TEST_HOST = "$(BUILT_PRODUCTS_DIR)/PorcupineDemo.app/PorcupineDemo";
			};
			name = Release;
		};
/* End XCBuildConfiguration section */

/* Begin XCConfigurationList section */
		BBE66BC5205DD6F7006005B1 /* Build configuration list for PBXProject "PorcupineDemoNoWatch" */ = {
			isa = XCConfigurationList;
			buildConfigurations = (
				BBE66BE5205DD6F7006005B1 /* Debug */,
				BBE66BE6205DD6F7006005B1 /* Release */,
			);
			defaultConfigurationIsVisible = 0;
			defaultConfigurationName = Release;
		};
		BBE66BE7205DD6F7006005B1 /* Build configuration list for PBXNativeTarget "PorcupineDemo" */ = {
			isa = XCConfigurationList;
			buildConfigurations = (
				BBE66BE8205DD6F7006005B1 /* Debug */,
				BBE66BE9205DD6F7006005B1 /* Release */,
			);
			defaultConfigurationIsVisible = 0;
			defaultConfigurationName = Release;
		};
		BBE66BEA205DD6F7006005B1 /* Build configuration list for PBXNativeTarget "PorcupineDemoTests" */ = {
			isa = XCConfigurationList;
			buildConfigurations = (
				BBE66BEB205DD6F7006005B1 /* Debug */,
				BBE66BEC205DD6F7006005B1 /* Release */,
			);
			defaultConfigurationIsVisible = 0;
			defaultConfigurationName = Release;
		};
/* End XCConfigurationList section */
	};
	rootObject = BBE66BC2205DD6F7006005B1 /* Project object */;
}
