PODS:
  - Flutter (1.0.0)
  - flutter_voice_processor (1.0.6):
    - Flutter
  - integration_test (0.0.1):
    - Flutter
  - ios-voice-processor (1.0.3)
  - path_provider_foundation (0.0.1):
    - Flutter
    - FlutterMacOS
  - Porcupine-iOS (2.2.0):
    - ios-voice-processor (~> 1.0.2)
  - porcupine_flutter (2.2.0):
    - Flutter
    - Porcupine-iOS (~> 2.2.0)

DEPENDENCIES:
  - Flutter (from `Flutter`)
  - flutter_voice_processor (from `.symlinks/plugins/flutter_voice_processor/ios`)
  - integration_test (from `.symlinks/plugins/integration_test/ios`)
  - path_provider_foundation (from `.symlinks/plugins/path_provider_foundation/ios`)
  - porcupine_flutter (from `.symlinks/plugins/porcupine_flutter/ios`)

SPEC REPOS:
  trunk:
    - ios-voice-processor
    - Porcupine-iOS

EXTERNAL SOURCES:
  Flutter:
    :path: Flutter
  flutter_voice_processor:
    :path: ".symlinks/plugins/flutter_voice_processor/ios"
  integration_test:
    :path: ".symlinks/plugins/integration_test/ios"
  path_provider_foundation:
    :path: ".symlinks/plugins/path_provider_foundation/ios"
  porcupine_flutter:
    :path: ".symlinks/plugins/porcupine_flutter/ios"

SPEC CHECKSUMS:
  Flutter: 50d75fe2f02b26cc09d224853bb45737f8b3214a
  flutter_voice_processor: afb59b604d99397a1ccf15c935ac8f2c2327f09f
  integration_test: a1e7d09bd98eca2fc37aefd79d4f41ad37bdbbe5
  ios-voice-processor: 65b25a8db69ea25ffba0eeef37bae71a982f34cc
  path_provider_foundation: c68054786f1b4f3343858c1e1d0caaded73f0be9
  Porcupine-iOS: 34f7b77fbd5f999eb9c4daa94acbb6c90c08ad1e
  porcupine_flutter: bb07c08c1a5c504732ea0b1eb7cb3be4916858be

PODFILE CHECKSUM: 7368163408c647b7eb699d0d788ba6718e18fb8d

COCOAPODS: 1.11.3
