PODS:
  - Flutter (1.0.0)
  - flutter_voice_processor (1.1.2):
    - Flutter
    - ios-voice-processor (~> 1.2.0)
  - integration_test (0.0.1):
    - Flutter
  - ios-voice-processor (1.2.0)
  - path_provider_ios (0.0.1):
    - Flutter
  - Porcupine-iOS (3.0.4):
    - ios-voice-processor (~> 1.2.0)
  - porcupine_flutter (3.0.4):
    - Flutter
    - Porcupine-iOS (~> 3.0.4)

DEPENDENCIES:
  - Flutter (from `Flutter`)
  - flutter_voice_processor (from `.symlinks/plugins/flutter_voice_processor/ios`)
  - integration_test (from `.symlinks/plugins/integration_test/ios`)
  - path_provider_ios (from `.symlinks/plugins/path_provider_ios/ios`)
  - Porcupine-iOS (from `https://raw.githubusercontent.com/Picovoice/porcupine/rm-bitcode/binding/ios/Porcupine-iOS.podspec`)
  - porcupine_flutter (from `.symlinks/plugins/porcupine_flutter/ios`)

SPEC REPOS:
  trunk:
    - ios-voice-processor

EXTERNAL SOURCES:
  Flutter:
    :path: Flutter
  flutter_voice_processor:
    :path: ".symlinks/plugins/flutter_voice_processor/ios"
  integration_test:
    :path: ".symlinks/plugins/integration_test/ios"
  path_provider_ios:
    :path: ".symlinks/plugins/path_provider_ios/ios"
  Porcupine-iOS:
    :podspec: https://raw.githubusercontent.com/Picovoice/porcupine/rm-bitcode/binding/ios/Porcupine-iOS.podspec
  porcupine_flutter:
    :path: ".symlinks/plugins/porcupine_flutter/ios"

SPEC CHECKSUMS:
  Flutter: e0871f40cf51350855a761d2e70bf5af5b9b5de7
  flutter_voice_processor: 9ebe2cae6612db22d20e7e7833937ea19fa3e59c
  integration_test: 13825b8a9334a850581300559b8839134b124670
  ios-voice-processor: 6b5ca08962f39e434fe39dca0f483d923a3b1b97
  path_provider_ios: 14f3d2fd28c4fdb42f44e0f751d12861c43cee02
  Porcupine-iOS: da103a8848ce6b36acd4a5e42bb811d4532dd515
  porcupine_flutter: f903f397e6ea55a5c627432b0cdfcad84b68fbd1

PODFILE CHECKSUM: f08551e38ec23b8a2b8eda08d65763fa8a23bee7

COCOAPODS: 1.11.3
