PODS:
  - Flutter (1.0.0)
  - flutter_voice_processor (1.0.6):
    - Flutter
  - ios-voice-processor (1.0.3)
  - path_provider_ios (0.0.1):
    - Flutter
  - Porcupine-iOS (2.1.2):
    - ios-voice-processor (~> 1.0.2)
  - porcupine_flutter (2.1.6):
    - Flutter
    - Porcupine-iOS (~> 2.1.2)

DEPENDENCIES:
  - Flutter (from `Flutter`)
  - flutter_voice_processor (from `.symlinks/plugins/flutter_voice_processor/ios`)
  - path_provider_ios (from `.symlinks/plugins/path_provider_ios/ios`)
  - porcupine_flutter (from `.symlinks/plugins/porcupine_flutter/ios`)

SPEC REPOS:
  trunk:
    - ios-voice-processor
    - Porcupine-iOS

EXTERNAL SOURCES:
  Flutter:
    :path: Flutter
  flutter_voice_processor:
    :path: ".symlinks/plugins/flutter_voice_processor/ios"
  path_provider_ios:
    :path: ".symlinks/plugins/path_provider_ios/ios"
  porcupine_flutter:
    :path: ".symlinks/plugins/porcupine_flutter/ios"

SPEC CHECKSUMS:
  Flutter: 50d75fe2f02b26cc09d224853bb45737f8b3214a
  flutter_voice_processor: afb59b604d99397a1ccf15c935ac8f2c2327f09f
  ios-voice-processor: 65b25a8db69ea25ffba0eeef37bae71a982f34cc
  path_provider_ios: 14f3d2fd28c4fdb42f44e0f751d12861c43cee02
  Porcupine-iOS: 884f40edadf4b72fac6fae768d3247bdb48841f7
  porcupine_flutter: b1f28f08b9da19bcba7adb38e6231b55ebdd0558

PODFILE CHECKSUM: a75497545d4391e2d394c3668e20cfb1c2bbd4aa

COCOAPODS: 1.11.2
