PODS:
  - ios-voice-processor (1.1.0)
  - Porcupine-iOS (3.0.1):
    - ios-voice-processor (~> 1.1.0)

DEPENDENCIES:
  - Porcupine-iOS (~> 3.0.1)

SPEC REPOS:
  trunk:
    - ios-voice-processor
    - Porcupine-iOS

SPEC CHECKSUMS:
  ios-voice-processor: 8e32d7f980a06d392d128ef1cd19cf6ddcaca3c1
  Porcupine-iOS: 6d69509fa587f3ac0be1adfefb48e0c6ce029fff

PODFILE CHECKSUM: 35337ecfcc7546e657eaf53e72a4e20be8d0abba

COCOAPODS: 1.11.3
