// !$*UTF8*$!
{
	archiveVersion = 1;
	classes = {
	};
	objectVersion = 60;
	objects = {

/* Begin PBXBuildFile section */
		02A026312A05805F005CA1BA /* pre-build.sh in Resources */ = {isa = PBXBuildFile; fileRef = 02C2CC812A0327E800EF9DEA /* pre-build.sh */; };
		02C2CC7E2A03205E00EF9DEA /* keywords in Resources */ = {isa = PBXBuildFile; fileRef = 02C2CC7D2A03205E00EF9DEA /* keywords */; };
		02C2CC802A03206800EF9DEA /* models in Resources */ = {isa = PBXBuildFile; fileRef = 02C2CC7F2A03206800EF9DEA /* models */; };
		02C704FC2CCAE6EB0002B3E4 /* Porcupine in Frameworks */ = {isa = PBXBuildFile; productRef = 02C704FB2CCAE6EB0002B3E4 /* Porcupine */; };
		02C7050F2CCAF9A70002B3E4 /* Porcupine in Frameworks */ = {isa = PBXBuildFile; productRef = 02C7050E2CCAF9A70002B3E4 /* Porcupine */; };
		02C705122CCAFA990002B3E4 /* Porcupine in Frameworks */ = {isa = PBXBuildFile; productRef = 02C705112CCAFA990002B3E4 /* Porcupine */; };
		02C705152CCAFF340002B3E4 /* Porcupine in Frameworks */ = {isa = PBXBuildFile; productRef = 02C705142CCAFF340002B3E4 /* Porcupine */; };
		02C705182CCAFF610002B3E4 /* Porcupine in Frameworks */ = {isa = PBXBuildFile; productRef = 02C705172CCAFF610002B3E4 /* Porcupine */; };
		02C7051B2CCB01FA0002B3E4 /* Porcupine in Frameworks */ = {isa = PBXBuildFile; productRef = 02C7051A2CCB01FA0002B3E4 /* Porcupine */; };
		02C7051E2CCB029F0002B3E4 /* Porcupine in Frameworks */ = {isa = PBXBuildFile; productRef = 02C7051D2CCB029F0002B3E4 /* Porcupine */; };
		02C705212CCB03990002B3E4 /* Porcupine in Frameworks */ = {isa = PBXBuildFile; productRef = 02C705202CCB03990002B3E4 /* Porcupine */; };
		02C705242CCB06390002B3E4 /* Porcupine in Frameworks */ = {isa = PBXBuildFile; productRef = 02C705232CCB06390002B3E4 /* Porcupine */; };
		02C705272CCB09D30002B3E4 /* Porcupine in Frameworks */ = {isa = PBXBuildFile; productRef = 02C705262CCB09D30002B3E4 /* Porcupine */; };
		02C7052A2CCB0A0A0002B3E4 /* Porcupine in Frameworks */ = {isa = PBXBuildFile; productRef = 02C705292CCB0A0A0002B3E4 /* Porcupine */; };
		02C7052D2CCB0B260002B3E4 /* Porcupine in Frameworks */ = {isa = PBXBuildFile; productRef = 02C7052C2CCB0B260002B3E4 /* Porcupine */; };
		02C705302CCB0BC90002B3E4 /* Porcupine in Frameworks */ = {isa = PBXBuildFile; productRef = 02C7052F2CCB0BC90002B3E4 /* Porcupine */; };
		02C705332CCB0E810002B3E4 /* Porcupine in Frameworks */ = {isa = PBXBuildFile; productRef = 02C705322CCB0E810002B3E4 /* Porcupine */; };
		02C705362CCB0F630002B3E4 /* Porcupine in Frameworks */ = {isa = PBXBuildFile; productRef = 02C705352CCB0F630002B3E4 /* Porcupine */; };
		02C705392CCB100C0002B3E4 /* Porcupine in Frameworks */ = {isa = PBXBuildFile; productRef = 02C705382CCB100C0002B3E4 /* Porcupine */; };
		02C7053C2CCB106A0002B3E4 /* Porcupine in Frameworks */ = {isa = PBXBuildFile; productRef = 02C7053B2CCB106A0002B3E4 /* Porcupine */; };
		02C7053F2CCB11200002B3E4 /* Porcupine in Frameworks */ = {isa = PBXBuildFile; productRef = 02C7053E2CCB11200002B3E4 /* Porcupine */; };
		02C705422CCB12060002B3E4 /* Porcupine in Frameworks */ = {isa = PBXBuildFile; productRef = 02C705412CCB12060002B3E4 /* Porcupine */; };
		02C705452CCB128C0002B3E4 /* Porcupine in Frameworks */ = {isa = PBXBuildFile; productRef = 02C705442CCB128C0002B3E4 /* Porcupine */; };
		02C705482CCB13610002B3E4 /* Porcupine in Frameworks */ = {isa = PBXBuildFile; productRef = 02C705472CCB13610002B3E4 /* Porcupine */; };
		BBE66BCE205DD6F7006005B1 /* AppDelegate.swift in Sources */ = {isa = PBXBuildFile; fileRef = BBE66BCD205DD6F7006005B1 /* AppDelegate.swift */; };
		BBE66BD0205DD6F7006005B1 /* ViewController.swift in Sources */ = {isa = PBXBuildFile; fileRef = BBE66BCF205DD6F7006005B1 /* ViewController.swift */; };
		BBE66BD3205DD6F7006005B1 /* Main.storyboard in Resources */ = {isa = PBXBuildFile; fileRef = BBE66BD1205DD6F7006005B1 /* Main.storyboard */; };
		BBE66BD5205DD6F7006005B1 /* Assets.xcassets in Resources */ = {isa = PBXBuildFile; fileRef = BBE66BD4205DD6F7006005B1 /* Assets.xcassets */; };
		BBE66BD8205DD6F7006005B1 /* LaunchScreen.storyboard in Resources */ = {isa = PBXBuildFile; fileRef = BBE66BD6205DD6F7006005B1 /* LaunchScreen.storyboard */; };
/* End PBXBuildFile section */

/* Begin PBXCopyFilesBuildPhase section */
		02FB765E25CA0965004826D5 /* Embed Frameworks */ = {
			isa = PBXCopyFilesBuildPhase;
			buildActionMask = 2147483647;
			dstPath = "";
			dstSubfolderSpec = 10;
			files = (
			);
			name = "Embed Frameworks";
			runOnlyForDeploymentPostprocessing = 0;
		};
/* End PBXCopyFilesBuildPhase section */

/* Begin PBXFileReference section */
		026A05172693CF2C005C4511 /* libPorcupine-iOS.a */ = {isa = PBXFileReference; explicitFileType = archive.ar; path = "libPorcupine-iOS.a"; sourceTree = BUILT_PRODUCTS_DIR; };
		02C2CC7D2A03205E00EF9DEA /* keywords */ = {isa = PBXFileReference; lastKnownFileType = folder; path = keywords; sourceTree = "<group>"; };
		02C2CC7F2A03206800EF9DEA /* models */ = {isa = PBXFileReference; lastKnownFileType = folder; path = models; sourceTree = "<group>"; };
		02C2CC812A0327E800EF9DEA /* pre-build.sh */ = {isa = PBXFileReference; lastKnownFileType = text.script.sh; path = "pre-build.sh"; sourceTree = "<group>"; };
		BBE66BCA205DD6F7006005B1 /* PorcupineForegroundAppDemo.app */ = {isa = PBXFileReference; explicitFileType = wrapper.application; includeInIndex = 0; path = PorcupineForegroundAppDemo.app; sourceTree = BUILT_PRODUCTS_DIR; };
		BBE66BCD205DD6F7006005B1 /* AppDelegate.swift */ = {isa = PBXFileReference; lastKnownFileType = sourcecode.swift; path = AppDelegate.swift; sourceTree = "<group>"; };
		BBE66BCF205DD6F7006005B1 /* ViewController.swift */ = {isa = PBXFileReference; lastKnownFileType = sourcecode.swift; path = ViewController.swift; sourceTree = "<group>"; };
		BBE66BD2205DD6F7006005B1 /* Base */ = {isa = PBXFileReference; lastKnownFileType = file.storyboard; name = Base; path = Base.lproj/Main.storyboard; sourceTree = "<group>"; };
		BBE66BD4205DD6F7006005B1 /* Assets.xcassets */ = {isa = PBXFileReference; lastKnownFileType = folder.assetcatalog; path = Assets.xcassets; sourceTree = "<group>"; };
		BBE66BD7205DD6F7006005B1 /* Base */ = {isa = PBXFileReference; lastKnownFileType = file.storyboard; name = Base; path = Base.lproj/LaunchScreen.storyboard; sourceTree = "<group>"; };
		BBE66BD9205DD6F7006005B1 /* Info.plist */ = {isa = PBXFileReference; lastKnownFileType = text.plist.xml; path = Info.plist; sourceTree = "<group>"; };
/* End PBXFileReference section */

/* Begin PBXFrameworksBuildPhase section */
		BBE66BC7205DD6F7006005B1 /* Frameworks */ = {
			isa = PBXFrameworksBuildPhase;
			buildActionMask = 2147483647;
			files = (
				02C7053C2CCB106A0002B3E4 /* Porcupine in Frameworks */,
				02C7051B2CCB01FA0002B3E4 /* Porcupine in Frameworks */,
				02C705422CCB12060002B3E4 /* Porcupine in Frameworks */,
				02C7051E2CCB029F0002B3E4 /* Porcupine in Frameworks */,
				02C705122CCAFA990002B3E4 /* Porcupine in Frameworks */,
				02C705242CCB06390002B3E4 /* Porcupine in Frameworks */,
				02C705452CCB128C0002B3E4 /* Porcupine in Frameworks */,
				02C705182CCAFF610002B3E4 /* Porcupine in Frameworks */,
				02C7050F2CCAF9A70002B3E4 /* Porcupine in Frameworks */,
				02C705362CCB0F630002B3E4 /* Porcupine in Frameworks */,
				02C7052D2CCB0B260002B3E4 /* Porcupine in Frameworks */,
				02C705272CCB09D30002B3E4 /* Porcupine in Frameworks */,
				02C705332CCB0E810002B3E4 /* Porcupine in Frameworks */,
				02C7052A2CCB0A0A0002B3E4 /* Porcupine in Frameworks */,
				02C7053F2CCB11200002B3E4 /* Porcupine in Frameworks */,
				02C705482CCB13610002B3E4 /* Porcupine in Frameworks */,
				02C705302CCB0BC90002B3E4 /* Porcupine in Frameworks */,
				02C705152CCAFF340002B3E4 /* Porcupine in Frameworks */,
				02C705212CCB03990002B3E4 /* Porcupine in Frameworks */,
				02C705392CCB100C0002B3E4 /* Porcupine in Frameworks */,
				02C704FC2CCAE6EB0002B3E4 /* Porcupine in Frameworks */,
			);
			runOnlyForDeploymentPostprocessing = 0;
		};
/* End PBXFrameworksBuildPhase section */

/* Begin PBXGroup section */
		BB65C7B0205F4BF400E8770E /* Frameworks */ = {
			isa = PBXGroup;
			children = (
				026A05172693CF2C005C4511 /* libPorcupine-iOS.a */,
			);
			name = Frameworks;
			sourceTree = "<group>";
		};
		BBE66BC1205DD6F7006005B1 = {
			isa = PBXGroup;
			children = (
				02C2CC812A0327E800EF9DEA /* pre-build.sh */,
				BBE66BCC205DD6F7006005B1 /* PorcupineForegroundAppDemo */,
				BBE66BCB205DD6F7006005B1 /* Products */,
				BB65C7B0205F4BF400E8770E /* Frameworks */,
			);
			sourceTree = "<group>";
		};
		BBE66BCB205DD6F7006005B1 /* Products */ = {
			isa = PBXGroup;
			children = (
				BBE66BCA205DD6F7006005B1 /* PorcupineForegroundAppDemo.app */,
			);
			name = Products;
			sourceTree = "<group>";
		};
		BBE66BCC205DD6F7006005B1 /* PorcupineForegroundAppDemo */ = {
			isa = PBXGroup;
			children = (
				02C2CC7F2A03206800EF9DEA /* models */,
				02C2CC7D2A03205E00EF9DEA /* keywords */,
				BBE66BCD205DD6F7006005B1 /* AppDelegate.swift */,
				BBE66BCF205DD6F7006005B1 /* ViewController.swift */,
				BBE66BD1205DD6F7006005B1 /* Main.storyboard */,
				BBE66BD4205DD6F7006005B1 /* Assets.xcassets */,
				BBE66BD6205DD6F7006005B1 /* LaunchScreen.storyboard */,
				BBE66BD9205DD6F7006005B1 /* Info.plist */,
			);
			path = PorcupineForegroundAppDemo;
			sourceTree = "<group>";
		};
/* End PBXGroup section */

/* Begin PBXNativeTarget section */
		BBE66BC9205DD6F7006005B1 /* PorcupineForegroundAppDemo */ = {
			isa = PBXNativeTarget;
			buildConfigurationList = BBE66BE7205DD6F7006005B1 /* Build configuration list for PBXNativeTarget "PorcupineForegroundAppDemo" */;
			buildPhases = (
				BBE66BC6205DD6F7006005B1 /* Sources */,
				BBE66BC7205DD6F7006005B1 /* Frameworks */,
				BBE66BC8205DD6F7006005B1 /* Resources */,
				02FB765E25CA0965004826D5 /* Embed Frameworks */,
			);
			buildRules = (
			);
			dependencies = (
			);
			name = PorcupineForegroundAppDemo;
			productName = ios;
			productReference = BBE66BCA205DD6F7006005B1 /* PorcupineForegroundAppDemo.app */;
			productType = "com.apple.product-type.application";
		};
/* End PBXNativeTarget section */

/* Begin PBXProject section */
		BBE66BC2205DD6F7006005B1 /* Project object */ = {
			isa = PBXProject;
			attributes = {
				LastSwiftUpdateCheck = 1250;
				LastUpgradeCheck = 1200;
				ORGANIZATIONNAME = Picovoice;
				TargetAttributes = {
					BBE66BC9205DD6F7006005B1 = {
						CreatedOnToolsVersion = 9.2;
						LastSwiftMigration = 1200;
						ProvisioningStyle = Automatic;
						SystemCapabilities = {
							com.apple.BackgroundModes = {
								enabled = 1;
							};
						};
					};
				};
			};
			buildConfigurationList = BBE66BC5205DD6F7006005B1 /* Build configuration list for PBXProject "PorcupineForegroundAppDemo" */;
			compatibilityVersion = "Xcode 8.0";
			developmentRegion = en;
			hasScannedForEncodings = 0;
			knownRegions = (
				en,
				Base,
			);
			mainGroup = BBE66BC1205DD6F7006005B1;
			packageReferences = (
				02C705462CCB13610002B3E4 /* XCLocalSwiftPackageReference "../../../../porcupine" */,
			);
			productRefGroup = BBE66BCB205DD6F7006005B1 /* Products */;
			projectDirPath = "";
			projectRoot = "";
			targets = (
				BBE66BC9205DD6F7006005B1 /* PorcupineForegroundAppDemo */,
			);
		};
/* End PBXProject section */

/* Begin PBXResourcesBuildPhase section */
		BBE66BC8205DD6F7006005B1 /* Resources */ = {
			isa = PBXResourcesBuildPhase;
			buildActionMask = 2147483647;
			files = (
				02C2CC802A03206800EF9DEA /* models in Resources */,
				02C2CC7E2A03205E00EF9DEA /* keywords in Resources */,
				BBE66BD8205DD6F7006005B1 /* LaunchScreen.storyboard in Resources */,
				02A026312A05805F005CA1BA /* pre-build.sh in Resources */,
				BBE66BD5205DD6F7006005B1 /* Assets.xcassets in Resources */,
				BBE66BD3205DD6F7006005B1 /* Main.storyboard in Resources */,
			);
			runOnlyForDeploymentPostprocessing = 0;
		};
/* End PBXResourcesBuildPhase section */

/* Begin PBXSourcesBuildPhase section */
		BBE66BC6205DD6F7006005B1 /* Sources */ = {
			isa = PBXSourcesBuildPhase;
			buildActionMask = 2147483647;
			files = (
				BBE66BD0205DD6F7006005B1 /* ViewController.swift in Sources */,
				BBE66BCE205DD6F7006005B1 /* AppDelegate.swift in Sources */,
			);
			runOnlyForDeploymentPostprocessing = 0;
		};
/* End PBXSourcesBuildPhase section */

/* Begin PBXVariantGroup section */
		BBE66BD1205DD6F7006005B1 /* Main.storyboard */ = {
			isa = PBXVariantGroup;
			children = (
				BBE66BD2205DD6F7006005B1 /* Base */,
			);
			name = Main.storyboard;
			sourceTree = "<group>";
		};
		BBE66BD6205DD6F7006005B1 /* LaunchScreen.storyboard */ = {
			isa = PBXVariantGroup;
			children = (
				BBE66BD7205DD6F7006005B1 /* Base */,
			);
			name = LaunchScreen.storyboard;
			sourceTree = "<group>";
		};
/* End PBXVariantGroup section */

/* Begin XCBuildConfiguration section */
		BBE66BE5205DD6F7006005B1 /* Debug */ = {
			isa = XCBuildConfiguration;
			buildSettings = {
				ALWAYS_SEARCH_USER_PATHS = NO;
				CLANG_ANALYZER_NONNULL = YES;
				CLANG_ANALYZER_NUMBER_OBJECT_CONVERSION = YES_AGGRESSIVE;
				CLANG_CXX_LANGUAGE_STANDARD = "gnu++14";
				CLANG_CXX_LIBRARY = "libc++";
				CLANG_ENABLE_MODULES = YES;
				CLANG_ENABLE_OBJC_ARC = YES;
				CLANG_WARN_BLOCK_CAPTURE_AUTORELEASING = YES;
				CLANG_WARN_BOOL_CONVERSION = YES;
				CLANG_WARN_COMMA = YES;
				CLANG_WARN_CONSTANT_CONVERSION = YES;
				CLANG_WARN_DEPRECATED_OBJC_IMPLEMENTATIONS = YES;
				CLANG_WARN_DIRECT_OBJC_ISA_USAGE = YES_ERROR;
				CLANG_WARN_DOCUMENTATION_COMMENTS = YES;
				CLANG_WARN_EMPTY_BODY = YES;
				CLANG_WARN_ENUM_CONVERSION = YES;
				CLANG_WARN_INFINITE_RECURSION = YES;
				CLANG_WARN_INT_CONVERSION = YES;
				CLANG_WARN_NON_LITERAL_NULL_CONVERSION = YES;
				CLANG_WARN_OBJC_IMPLICIT_RETAIN_SELF = YES;
				CLANG_WARN_OBJC_LITERAL_CONVERSION = YES;
				CLANG_WARN_OBJC_ROOT_CLASS = YES_ERROR;
				CLANG_WARN_QUOTED_INCLUDE_IN_FRAMEWORK_HEADER = YES;
				CLANG_WARN_RANGE_LOOP_ANALYSIS = YES;
				CLANG_WARN_STRICT_PROTOTYPES = YES;
				CLANG_WARN_SUSPICIOUS_MOVE = YES;
				CLANG_WARN_UNGUARDED_AVAILABILITY = YES_AGGRESSIVE;
				CLANG_WARN_UNREACHABLE_CODE = YES;
				CLANG_WARN__DUPLICATE_METHOD_MATCH = YES;
				CODE_SIGN_IDENTITY = "iPhone Developer";
				COPY_PHASE_STRIP = NO;
				DEBUG_INFORMATION_FORMAT = dwarf;
				DEVELOPMENT_TEAM = FXK66JFZWS;
				ENABLE_STRICT_OBJC_MSGSEND = YES;
				ENABLE_TESTABILITY = YES;
				GCC_C_LANGUAGE_STANDARD = gnu11;
				GCC_DYNAMIC_NO_PIC = NO;
				GCC_NO_COMMON_BLOCKS = YES;
				GCC_OPTIMIZATION_LEVEL = 0;
				GCC_PREPROCESSOR_DEFINITIONS = (
					"DEBUG=1",
					"$(inherited)",
				);
				GCC_WARN_64_TO_32_BIT_CONVERSION = YES;
				GCC_WARN_ABOUT_RETURN_TYPE = YES_ERROR;
				GCC_WARN_UNDECLARED_SELECTOR = YES;
				GCC_WARN_UNINITIALIZED_AUTOS = YES_AGGRESSIVE;
				GCC_WARN_UNUSED_FUNCTION = YES;
				GCC_WARN_UNUSED_VARIABLE = YES;
				IPHONEOS_DEPLOYMENT_TARGET = 13.0;
				MTL_ENABLE_DEBUG_INFO = YES;
				ONLY_ACTIVE_ARCH = YES;
				SDKROOT = iphoneos;
				SWIFT_ACTIVE_COMPILATION_CONDITIONS = DEBUG;
				SWIFT_INCLUDE_PATHS = "${SRCROOT}";
				SWIFT_OPTIMIZATION_LEVEL = "-Onone";
			};
			name = Debug;
		};
		BBE66BE6205DD6F7006005B1 /* Release */ = {
			isa = XCBuildConfiguration;
			buildSettings = {
				ALWAYS_SEARCH_USER_PATHS = NO;
				CLANG_ANALYZER_NONNULL = YES;
				CLANG_ANALYZER_NUMBER_OBJECT_CONVERSION = YES_AGGRESSIVE;
				CLANG_CXX_LANGUAGE_STANDARD = "gnu++14";
				CLANG_CXX_LIBRARY = "libc++";
				CLANG_ENABLE_MODULES = YES;
				CLANG_ENABLE_OBJC_ARC = YES;
				CLANG_WARN_BLOCK_CAPTURE_AUTORELEASING = YES;
				CLANG_WARN_BOOL_CONVERSION = YES;
				CLANG_WARN_COMMA = YES;
				CLANG_WARN_CONSTANT_CONVERSION = YES;
				CLANG_WARN_DEPRECATED_OBJC_IMPLEMENTATIONS = YES;
				CLANG_WARN_DIRECT_OBJC_ISA_USAGE = YES_ERROR;
				CLANG_WARN_DOCUMENTATION_COMMENTS = YES;
				CLANG_WARN_EMPTY_BODY = YES;
				CLANG_WARN_ENUM_CONVERSION = YES;
				CLANG_WARN_INFINITE_RECURSION = YES;
				CLANG_WARN_INT_CONVERSION = YES;
				CLANG_WARN_NON_LITERAL_NULL_CONVERSION = YES;
				CLANG_WARN_OBJC_IMPLICIT_RETAIN_SELF = YES;
				CLANG_WARN_OBJC_LITERAL_CONVERSION = YES;
				CLANG_WARN_OBJC_ROOT_CLASS = YES_ERROR;
				CLANG_WARN_QUOTED_INCLUDE_IN_FRAMEWORK_HEADER = YES;
				CLANG_WARN_RANGE_LOOP_ANALYSIS = YES;
				CLANG_WARN_STRICT_PROTOTYPES = YES;
				CLANG_WARN_SUSPICIOUS_MOVE = YES;
				CLANG_WARN_UNGUARDED_AVAILABILITY = YES_AGGRESSIVE;
				CLANG_WARN_UNREACHABLE_CODE = YES;
				CLANG_WARN__DUPLICATE_METHOD_MATCH = YES;
				CODE_SIGN_IDENTITY = "iPhone Developer";
				COPY_PHASE_STRIP = NO;
				DEBUG_INFORMATION_FORMAT = "dwarf-with-dsym";
				DEVELOPMENT_TEAM = FXK66JFZWS;
				ENABLE_NS_ASSERTIONS = NO;
				ENABLE_STRICT_OBJC_MSGSEND = YES;
				GCC_C_LANGUAGE_STANDARD = gnu11;
				GCC_NO_COMMON_BLOCKS = YES;
				GCC_WARN_64_TO_32_BIT_CONVERSION = YES;
				GCC_WARN_ABOUT_RETURN_TYPE = YES_ERROR;
				GCC_WARN_UNDECLARED_SELECTOR = YES;
				GCC_WARN_UNINITIALIZED_AUTOS = YES_AGGRESSIVE;
				GCC_WARN_UNUSED_FUNCTION = YES;
				GCC_WARN_UNUSED_VARIABLE = YES;
				IPHONEOS_DEPLOYMENT_TARGET = 13.0;
				MTL_ENABLE_DEBUG_INFO = NO;
				SDKROOT = iphoneos;
				SWIFT_COMPILATION_MODE = wholemodule;
				SWIFT_INCLUDE_PATHS = "${SRCROOT}";
				SWIFT_OPTIMIZATION_LEVEL = "-O";
				VALIDATE_PRODUCT = YES;
			};
			name = Release;
		};
		BBE66BE8205DD6F7006005B1 /* Debug */ = {
			isa = XCBuildConfiguration;
			buildSettings = {
				ASSETCATALOG_COMPILER_APPICON_NAME = AppIcon;
				CODE_SIGN_STYLE = Automatic;
				CURRENT_PROJECT_VERSION = 1.0;
				DEVELOPMENT_TEAM = 65723695GD;
				INFOPLIST_FILE = "$(SRCROOT)/PorcupineForegroundAppDemo/Info.plist";
				IPHONEOS_DEPLOYMENT_TARGET = 13.0;
				LD_RUNPATH_SEARCH_PATHS = (
					"$(inherited)",
					"@executable_path/Frameworks",
				);
				MARKETING_VERSION = 1.0;
				PRODUCT_BUNDLE_IDENTIFIER = ai.picovoice.PorcupineForegroundAppDemo;
				PRODUCT_NAME = "$(TARGET_NAME)";
				SWIFT_VERSION = 5.0;
				TARGETED_DEVICE_FAMILY = "1,2";
			};
			name = Debug;
		};
		BBE66BE9205DD6F7006005B1 /* Release */ = {
			isa = XCBuildConfiguration;
			buildSettings = {
				ASSETCATALOG_COMPILER_APPICON_NAME = AppIcon;
				CODE_SIGN_STYLE = Automatic;
				CURRENT_PROJECT_VERSION = 1.0;
				DEVELOPMENT_TEAM = 65723695GD;
				INFOPLIST_FILE = "$(SRCROOT)/PorcupineForegroundAppDemo/Info.plist";
				IPHONEOS_DEPLOYMENT_TARGET = 13.0;
				LD_RUNPATH_SEARCH_PATHS = (
					"$(inherited)",
					"@executable_path/Frameworks",
				);
				MARKETING_VERSION = 1.0;
				PRODUCT_BUNDLE_IDENTIFIER = ai.picovoice.PorcupineForegroundAppDemo;
				PRODUCT_NAME = "$(TARGET_NAME)";
				SWIFT_VERSION = 5.0;
				TARGETED_DEVICE_FAMILY = "1,2";
			};
			name = Release;
		};
/* End XCBuildConfiguration section */

/* Begin XCConfigurationList section */
		BBE66BC5205DD6F7006005B1 /* Build configuration list for PBXProject "PorcupineForegroundAppDemo" */ = {
			isa = XCConfigurationList;
			buildConfigurations = (
				BBE66BE5205DD6F7006005B1 /* Debug */,
				BBE66BE6205DD6F7006005B1 /* Release */,
			);
			defaultConfigurationIsVisible = 0;
			defaultConfigurationName = Release;
		};
		BBE66BE7205DD6F7006005B1 /* Build configuration list for PBXNativeTarget "PorcupineForegroundAppDemo" */ = {
			isa = XCConfigurationList;
			buildConfigurations = (
				BBE66BE8205DD6F7006005B1 /* Debug */,
				BBE66BE9205DD6F7006005B1 /* Release */,
			);
			defaultConfigurationIsVisible = 0;
			defaultConfigurationName = Release;
		};
/* End XCConfigurationList section */

/* Begin XCLocalSwiftPackageReference section */
		02C705462CCB13610002B3E4 /* XCLocalSwiftPackageReference "../../../../porcupine" */ = {
			isa = XCLocalSwiftPackageReference;
			relativePath = ../../../../porcupine;
		};
/* End XCLocalSwiftPackageReference section */

/* Begin XCRemoteSwiftPackageReference section */
		02C704FA2CCAE6EB0002B3E4 /* XCRemoteSwiftPackageReference "porcupine" */ = {
			isa = XCRemoteSwiftPackageReference;
			repositoryURL = "https://github.com/Picovoice/porcupine";
			requirement = {
				kind = revision;
				revision = 9eea419d20896cd8aecbcee64757d4b9a27d7629;
			};
		};
		02C705102CCAFA990002B3E4 /* XCRemoteSwiftPackageReference "porcupine" */ = {
			isa = XCRemoteSwiftPackageReference;
			repositoryURL = "https://github.com/Picovoice/porcupine";
			requirement = {
				kind = revision;
				revision = 6fcbaf09092605204727dd169c8ecdfca877795b;
			};
		};
		02C705132CCAFF340002B3E4 /* XCRemoteSwiftPackageReference "porcupine" */ = {
			isa = XCRemoteSwiftPackageReference;
			repositoryURL = "https://github.com/Picovoice/porcupine";
			requirement = {
				kind = revision;
				revision = dada11b93c2bc496109854890126a6661ccbe271;
			};
		};
		02C7051C2CCB029F0002B3E4 /* XCRemoteSwiftPackageReference "porcupine" */ = {
			isa = XCRemoteSwiftPackageReference;
			repositoryURL = "https://github.com/Picovoice/porcupine";
			requirement = {
				kind = revision;
				revision = 7999128c4f34c358c8e46c28882f5208ddee97a9;
			};
		};
		02C7051F2CCB03990002B3E4 /* XCRemoteSwiftPackageReference "porcupine" */ = {
			isa = XCRemoteSwiftPackageReference;
			repositoryURL = "https://github.com/Picovoice/porcupine";
			requirement = {
				kind = revision;
				revision = 29612a4a194d0a113357a0fb97b95ea6ca4c47c9;
			};
		};
		02C705222CCB06390002B3E4 /* XCRemoteSwiftPackageReference "porcupine" */ = {
			isa = XCRemoteSwiftPackageReference;
			repositoryURL = "https://github.com/Picovoice/porcupine";
			requirement = {
				kind = revision;
				revision = 2e7a339e3e17da337dee86949d7432810e5f9040;
			};
		};
		02C705402CCB12060002B3E4 /* XCRemoteSwiftPackageReference "porcupine" */ = {
			isa = XCRemoteSwiftPackageReference;
			repositoryURL = "https://github.com/Picovoice/porcupine";
			requirement = {
				kind = revision;
				revision = 90fb6b91266c68ed26d4fa0ba7eb67195c362cc9;
			};
		};
		02C705432CCB128C0002B3E4 /* XCRemoteSwiftPackageReference "porcupine" */ = {
			isa = XCRemoteSwiftPackageReference;
			repositoryURL = "https://github.com/Picovoice/porcupine";
			requirement = {
				kind = revision;
				revision = 90fb6b91266c68ed26d4fa0ba7eb67195c362cc9;
			};
		};
/* End XCRemoteSwiftPackageReference section */

/* Begin XCSwiftPackageProductDependency section */
		02C704FB2CCAE6EB0002B3E4 /* Porcupine */ = {
			isa = XCSwiftPackageProductDependency;
			package = 02C704FA2CCAE6EB0002B3E4 /* XCRemoteSwiftPackageReference "porcupine" */;
			productName = Porcupine;
		};
		02C7050E2CCAF9A70002B3E4 /* Porcupine */ = {
			isa = XCSwiftPackageProductDependency;
			productName = Porcupine;
		};
		02C705112CCAFA990002B3E4 /* Porcupine */ = {
			isa = XCSwiftPackageProductDependency;
			package = 02C705102CCAFA990002B3E4 /* XCRemoteSwiftPackageReference "porcupine" */;
			productName = Porcupine;
		};
		02C705142CCAFF340002B3E4 /* Porcupine */ = {
			isa = XCSwiftPackageProductDependency;
			package = 02C705132CCAFF340002B3E4 /* XCRemoteSwiftPackageReference "porcupine" */;
			productName = Porcupine;
		};
		02C705172CCAFF610002B3E4 /* Porcupine */ = {
			isa = XCSwiftPackageProductDependency;
			productName = Porcupine;
		};
		02C7051A2CCB01FA0002B3E4 /* Porcupine */ = {
			isa = XCSwiftPackageProductDependency;
			productName = Porcupine;
		};
		02C7051D2CCB029F0002B3E4 /* Porcupine */ = {
			isa = XCSwiftPackageProductDependency;
			package = 02C7051C2CCB029F0002B3E4 /* XCRemoteSwiftPackageReference "porcupine" */;
			productName = Porcupine;
		};
		02C705202CCB03990002B3E4 /* Porcupine */ = {
			isa = XCSwiftPackageProductDependency;
			package = 02C7051F2CCB03990002B3E4 /* XCRemoteSwiftPackageReference "porcupine" */;
			productName = Porcupine;
		};
		02C705232CCB06390002B3E4 /* Porcupine */ = {
			isa = XCSwiftPackageProductDependency;
			package = 02C705222CCB06390002B3E4 /* XCRemoteSwiftPackageReference "porcupine" */;
			productName = Porcupine;
		};
		02C705262CCB09D30002B3E4 /* Porcupine */ = {
			isa = XCSwiftPackageProductDependency;
			productName = Porcupine;
		};
		02C705292CCB0A0A0002B3E4 /* Porcupine */ = {
			isa = XCSwiftPackageProductDependency;
			productName = Porcupine;
		};
		02C7052C2CCB0B260002B3E4 /* Porcupine */ = {
			isa = XCSwiftPackageProductDependency;
			productName = Porcupine;
		};
		02C7052F2CCB0BC90002B3E4 /* Porcupine */ = {
			isa = XCSwiftPackageProductDependency;
			productName = Porcupine;
		};
		02C705322CCB0E810002B3E4 /* Porcupine */ = {
			isa = XCSwiftPackageProductDependency;
			productName = Porcupine;
		};
		02C705352CCB0F630002B3E4 /* Porcupine */ = {
			isa = XCSwiftPackageProductDependency;
			productName = Porcupine;
		};
		02C705382CCB100C0002B3E4 /* Porcupine */ = {
			isa = XCSwiftPackageProductDependency;
			productName = Porcupine;
		};
		02C7053B2CCB106A0002B3E4 /* Porcupine */ = {
			isa = XCSwiftPackageProductDependency;
			productName = Porcupine;
		};
		02C7053E2CCB11200002B3E4 /* Porcupine */ = {
			isa = XCSwiftPackageProductDependency;
			productName = Porcupine;
		};
		02C705412CCB12060002B3E4 /* Porcupine */ = {
			isa = XCSwiftPackageProductDependency;
			package = 02C705402CCB12060002B3E4 /* XCRemoteSwiftPackageReference "porcupine" */;
			productName = Porcupine;
		};
		02C705442CCB128C0002B3E4 /* Porcupine */ = {
			isa = XCSwiftPackageProductDependency;
			package = 02C705432CCB128C0002B3E4 /* XCRemoteSwiftPackageReference "porcupine" */;
			productName = Porcupine;
		};
		02C705472CCB13610002B3E4 /* Porcupine */ = {
			isa = XCSwiftPackageProductDependency;
			productName = Porcupine;
		};
/* End XCSwiftPackageProductDependency section */
	};
	rootObject = BBE66BC2205DD6F7006005B1 /* Project object */;
}
