PODS:
  - ios-voice-processor (1.1.0)
  - Porcupine-iOS (2.2.1):
    - ios-voice-processor (~> 1.1.0)

DEPENDENCIES:
  - Porcupine-iOS (~> 2.2.1)

SPEC REPOS:
  trunk:
    - ios-voice-processor
    - Porcupine-iOS

SPEC CHECKSUMS:
  ios-voice-processor: 8e32d7f980a06d392d128ef1cd19cf6ddcaca3c1
  Porcupine-iOS: df8e4a63d787b6c16bd5f988fd0f2c29a249a4bd

PODFILE CHECKSUM: e5e0f595115debf272bd322931c87f69c0b53d05

COCOAPODS: 1.11.3
