github.com/charithe/porcupine-go v0.0.1 h1:U/fqqAXntV2Wjfw3ayvBPQ3dWEpBZDzL3APKXfnr/io=
github.com/charithe/porcupine-go v0.0.1/go.mod h1:BrQj0OJhXvCQNNx7dVG0USx5OTuBYNbsPUK1RiaS5BI=
github.com/charithe/porcupine-go v0.0.2 h1:SI90HY8s++R64UQlhvkC7ujIujC7/SsuaO0fqOdwZzc=
github.com/charithe/porcupine-go v0.0.2/go.mod h1:BrQj0OJhXvCQNNx7dVG0USx5OTuBYNbsPUK1RiaS5BI=
