// !$*UTF8*$!
{
	archiveVersion = 1;
	classes = {
	};
	objectVersion = 48;
	objects = {

/* Begin PBXBuildFile section */
		1EB9A33726C3389200077D0A /* Main.storyboard in Resources */ = {isa = PBXBuildFile; fileRef = 1ED03A6F26C1DB0F0078E0E7 /* Main.storyboard */; };
		1ECA2AA626EAD451000F22A4 /* beep.wav in Resources */ = {isa = PBXBuildFile; fileRef = 1ECA2AA526EAD451000F22A4 /* beep.wav */; };
		1ED03A6E26C1CF650078E0E7 /* NotificationManager.swift in Sources */ = {isa = PBXBuildFile; fileRef = 1ED03A6D26C1CF650078E0E7 /* NotificationManager.swift */; };
		1ED03A7426C1DB190078E0E7 /* LaunchScreen.storyboard in Resources */ = {isa = PBXBuildFile; fileRef = 1ED03A7226C1DB190078E0E7 /* LaunchScreen.storyboard */; };
		21603BDA73D34368F1EFC5F5 /* libPods-PorcupineBackgroundServiceDemo.a in Frameworks */ = {isa = PBXBuildFile; fileRef = 344A2CADE9BD37C535BCBE37 /* libPods-PorcupineBackgroundServiceDemo.a */; };
		BBE66BCE205DD6F7006005B1 /* AppDelegate.swift in Sources */ = {isa = PBXBuildFile; fileRef = BBE66BCD205DD6F7006005B1 /* AppDelegate.swift */; };
		BBE66BD0205DD6F7006005B1 /* ViewController.swift in Sources */ = {isa = PBXBuildFile; fileRef = BBE66BCF205DD6F7006005B1 /* ViewController.swift */; };
		BBE66BD5205DD6F7006005B1 /* Assets.xcassets in Resources */ = {isa = PBXBuildFile; fileRef = BBE66BD4205DD6F7006005B1 /* Assets.xcassets */; };
/* End PBXBuildFile section */

/* Begin PBXCopyFilesBuildPhase section */
		02FB765E25CA0965004826D5 /* Embed Frameworks */ = {
			isa = PBXCopyFilesBuildPhase;
			buildActionMask = 2147483647;
			dstPath = "";
			dstSubfolderSpec = 10;
			files = (
			);
			name = "Embed Frameworks";
			runOnlyForDeploymentPostprocessing = 0;
		};
/* End PBXCopyFilesBuildPhase section */

/* Begin PBXFileReference section */
		026A05172693CF2C005C4511 /* libPorcupine-iOS.a */ = {isa = PBXFileReference; explicitFileType = archive.ar; path = "libPorcupine-iOS.a"; sourceTree = BUILT_PRODUCTS_DIR; };
		1ECA2AA526EAD451000F22A4 /* beep.wav */ = {isa = PBXFileReference; lastKnownFileType = audio.wav; path = beep.wav; sourceTree = "<group>"; };
		1ED03A6D26C1CF650078E0E7 /* NotificationManager.swift */ = {isa = PBXFileReference; lastKnownFileType = sourcecode.swift; path = NotificationManager.swift; sourceTree = "<group>"; };
		1ED03A7026C1DB0F0078E0E7 /* Base */ = {isa = PBXFileReference; lastKnownFileType = file.storyboard; name = Base; path = Base.lproj/Main.storyboard; sourceTree = "<group>"; };
		1ED03A7326C1DB190078E0E7 /* Base */ = {isa = PBXFileReference; lastKnownFileType = file.storyboard; name = Base; path = Base.lproj/LaunchScreen.storyboard; sourceTree = "<group>"; };
		2D3E75E8A2375109B4C494A9 /* Pods-PorcupineBackgroundServiceDemo.release.xcconfig */ = {isa = PBXFileReference; includeInIndex = 1; lastKnownFileType = text.xcconfig; name = "Pods-PorcupineBackgroundServiceDemo.release.xcconfig"; path = "Target Support Files/Pods-PorcupineBackgroundServiceDemo/Pods-PorcupineBackgroundServiceDemo.release.xcconfig"; sourceTree = "<group>"; };
		33BB56A905453C3ECED65E02 /* Pods-PorcupineBackgroundServiceDemoUITests.release.xcconfig */ = {isa = PBXFileReference; includeInIndex = 1; lastKnownFileType = text.xcconfig; name = "Pods-PorcupineBackgroundServiceDemoUITests.release.xcconfig"; path = "Target Support Files/Pods-PorcupineBackgroundServiceDemoUITests/Pods-PorcupineBackgroundServiceDemoUITests.release.xcconfig"; sourceTree = "<group>"; };
		344A2CADE9BD37C535BCBE37 /* libPods-PorcupineBackgroundServiceDemo.a */ = {isa = PBXFileReference; explicitFileType = archive.ar; includeInIndex = 0; path = "libPods-PorcupineBackgroundServiceDemo.a"; sourceTree = BUILT_PRODUCTS_DIR; };
		792542FFDBC4CCBC070872B4 /* libPods-PorcupineBackgroundServiceDemoUITests.a */ = {isa = PBXFileReference; explicitFileType = archive.ar; includeInIndex = 0; path = "libPods-PorcupineBackgroundServiceDemoUITests.a"; sourceTree = BUILT_PRODUCTS_DIR; };
		AD5BCD9C1D822E71CBE38470 /* Pods-PorcupineBackgroundServiceDemo.debug.xcconfig */ = {isa = PBXFileReference; includeInIndex = 1; lastKnownFileType = text.xcconfig; name = "Pods-PorcupineBackgroundServiceDemo.debug.xcconfig"; path = "Target Support Files/Pods-PorcupineBackgroundServiceDemo/Pods-PorcupineBackgroundServiceDemo.debug.xcconfig"; sourceTree = "<group>"; };
		B16B6AB772A6A18AD84EA268 /* Pods-PorcupineBackgroundServiceDemoUITests.debug.xcconfig */ = {isa = PBXFileReference; includeInIndex = 1; lastKnownFileType = text.xcconfig; name = "Pods-PorcupineBackgroundServiceDemoUITests.debug.xcconfig"; path = "Target Support Files/Pods-PorcupineBackgroundServiceDemoUITests/Pods-PorcupineBackgroundServiceDemoUITests.debug.xcconfig"; sourceTree = "<group>"; };
		BBE66BCA205DD6F7006005B1 /* PorcupineBackgroundServiceDemo.app */ = {isa = PBXFileReference; explicitFileType = wrapper.application; includeInIndex = 0; path = PorcupineBackgroundServiceDemo.app; sourceTree = BUILT_PRODUCTS_DIR; };
		BBE66BCD205DD6F7006005B1 /* AppDelegate.swift */ = {isa = PBXFileReference; lastKnownFileType = sourcecode.swift; path = AppDelegate.swift; sourceTree = "<group>"; };
		BBE66BCF205DD6F7006005B1 /* ViewController.swift */ = {isa = PBXFileReference; lastKnownFileType = sourcecode.swift; path = ViewController.swift; sourceTree = "<group>"; };
		BBE66BD4205DD6F7006005B1 /* Assets.xcassets */ = {isa = PBXFileReference; lastKnownFileType = folder.assetcatalog; path = Assets.xcassets; sourceTree = "<group>"; };
		BBE66BD9205DD6F7006005B1 /* Info.plist */ = {isa = PBXFileReference; lastKnownFileType = text.plist.xml; path = Info.plist; sourceTree = "<group>"; };
/* End PBXFileReference section */

/* Begin PBXFrameworksBuildPhase section */
		BBE66BC7205DD6F7006005B1 /* Frameworks */ = {
			isa = PBXFrameworksBuildPhase;
			buildActionMask = 2147483647;
			files = (
				21603BDA73D34368F1EFC5F5 /* libPods-PorcupineBackgroundServiceDemo.a in Frameworks */,
			);
			runOnlyForDeploymentPostprocessing = 0;
		};
/* End PBXFrameworksBuildPhase section */

/* Begin PBXGroup section */
		1ECA2AA226EACBF1000F22A4 /* Sound */ = {
			isa = PBXGroup;
			children = (
				1ECA2AA526EAD451000F22A4 /* beep.wav */,
			);
			path = Sound;
			sourceTree = "<group>";
		};
		2BBD9051A599A3751D329DE8 /* Pods */ = {
			isa = PBXGroup;
			children = (
				AD5BCD9C1D822E71CBE38470 /* Pods-PorcupineBackgroundServiceDemo.debug.xcconfig */,
				2D3E75E8A2375109B4C494A9 /* Pods-PorcupineBackgroundServiceDemo.release.xcconfig */,
				B16B6AB772A6A18AD84EA268 /* Pods-PorcupineBackgroundServiceDemoUITests.debug.xcconfig */,
				33BB56A905453C3ECED65E02 /* Pods-PorcupineBackgroundServiceDemoUITests.release.xcconfig */,
			);
			path = Pods;
			sourceTree = "<group>";
		};
		BB65C7B0205F4BF400E8770E /* Frameworks */ = {
			isa = PBXGroup;
			children = (
				026A05172693CF2C005C4511 /* libPorcupine-iOS.a */,
				344A2CADE9BD37C535BCBE37 /* libPods-PorcupineBackgroundServiceDemo.a */,
				792542FFDBC4CCBC070872B4 /* libPods-PorcupineBackgroundServiceDemoUITests.a */,
			);
			name = Frameworks;
			sourceTree = "<group>";
		};
		BBE66BC1205DD6F7006005B1 = {
			isa = PBXGroup;
			children = (
				1ECA2AA226EACBF1000F22A4 /* Sound */,
				BBE66BCC205DD6F7006005B1 /* PorcupineBackgroundServiceDemo */,
				BBE66BCB205DD6F7006005B1 /* Products */,
				BB65C7B0205F4BF400E8770E /* Frameworks */,
				2BBD9051A599A3751D329DE8 /* Pods */,
			);
			sourceTree = "<group>";
		};
		BBE66BCB205DD6F7006005B1 /* Products */ = {
			isa = PBXGroup;
			children = (
				BBE66BCA205DD6F7006005B1 /* PorcupineBackgroundServiceDemo.app */,
			);
			name = Products;
			sourceTree = "<group>";
		};
		BBE66BCC205DD6F7006005B1 /* PorcupineBackgroundServiceDemo */ = {
			isa = PBXGroup;
			children = (
				BBE66BCD205DD6F7006005B1 /* AppDelegate.swift */,
				BBE66BCF205DD6F7006005B1 /* ViewController.swift */,
				1ED03A6F26C1DB0F0078E0E7 /* Main.storyboard */,
				1ED03A7226C1DB190078E0E7 /* LaunchScreen.storyboard */,
				BBE66BD4205DD6F7006005B1 /* Assets.xcassets */,
				BBE66BD9205DD6F7006005B1 /* Info.plist */,
				1ED03A6D26C1CF650078E0E7 /* NotificationManager.swift */,
			);
			path = PorcupineBackgroundServiceDemo;
			sourceTree = "<group>";
		};
/* End PBXGroup section */

/* Begin PBXNativeTarget section */
		BBE66BC9205DD6F7006005B1 /* PorcupineBackgroundServiceDemo */ = {
			isa = PBXNativeTarget;
			buildConfigurationList = BBE66BE7205DD6F7006005B1 /* Build configuration list for PBXNativeTarget "PorcupineBackgroundServiceDemo" */;
			buildPhases = (
				6C1AA9585BD75DCCFB45F279 /* [CP] Check Pods Manifest.lock */,
				BBE66BC6205DD6F7006005B1 /* Sources */,
				BBE66BC7205DD6F7006005B1 /* Frameworks */,
				BBE66BC8205DD6F7006005B1 /* Resources */,
				02FB765E25CA0965004826D5 /* Embed Frameworks */,
				9A78D42DD73C7B435FAF4374 /* [CP] Embed Pods Frameworks */,
				8FA8B79C31FD3FF2AD7076C6 /* [CP] Copy Pods Resources */,
			);
			buildRules = (
			);
			dependencies = (
			);
			name = PorcupineBackgroundServiceDemo;
			productName = ios;
			productReference = BBE66BCA205DD6F7006005B1 /* PorcupineBackgroundServiceDemo.app */;
			productType = "com.apple.product-type.application";
		};
/* End PBXNativeTarget section */

/* Begin PBXProject section */
		BBE66BC2205DD6F7006005B1 /* Project object */ = {
			isa = PBXProject;
			attributes = {
				LastSwiftUpdateCheck = 1250;
				LastUpgradeCheck = 1200;
				ORGANIZATIONNAME = Picovoice;
				TargetAttributes = {
					BBE66BC9205DD6F7006005B1 = {
						CreatedOnToolsVersion = 9.2;
						LastSwiftMigration = 1200;
						ProvisioningStyle = Automatic;
						SystemCapabilities = {
							com.apple.BackgroundModes = {
								enabled = 1;
							};
						};
					};
				};
			};
			buildConfigurationList = BBE66BC5205DD6F7006005B1 /* Build configuration list for PBXProject "PorcupineBackgroundServiceDemo" */;
			compatibilityVersion = "Xcode 8.0";
			developmentRegion = en;
			hasScannedForEncodings = 0;
			knownRegions = (
				en,
				Base,
			);
			mainGroup = BBE66BC1205DD6F7006005B1;
			productRefGroup = BBE66BCB205DD6F7006005B1 /* Products */;
			projectDirPath = "";
			projectRoot = "";
			targets = (
				BBE66BC9205DD6F7006005B1 /* PorcupineBackgroundServiceDemo */,
			);
		};
/* End PBXProject section */

/* Begin PBXResourcesBuildPhase section */
		BBE66BC8205DD6F7006005B1 /* Resources */ = {
			isa = PBXResourcesBuildPhase;
			buildActionMask = 2147483647;
			files = (
				1EB9A33726C3389200077D0A /* Main.storyboard in Resources */,
				1ECA2AA626EAD451000F22A4 /* beep.wav in Resources */,
				1ED03A7426C1DB190078E0E7 /* LaunchScreen.storyboard in Resources */,
				BBE66BD5205DD6F7006005B1 /* Assets.xcassets in Resources */,
			);
			runOnlyForDeploymentPostprocessing = 0;
		};
/* End PBXResourcesBuildPhase section */

/* Begin PBXShellScriptBuildPhase section */
		6C1AA9585BD75DCCFB45F279 /* [CP] Check Pods Manifest.lock */ = {
			isa = PBXShellScriptBuildPhase;
			buildActionMask = 2147483647;
			files = (
			);
			inputFileListPaths = (
			);
			inputPaths = (
				"${PODS_PODFILE_DIR_PATH}/Podfile.lock",
				"${PODS_ROOT}/Manifest.lock",
			);
			name = "[CP] Check Pods Manifest.lock";
			outputFileListPaths = (
			);
			outputPaths = (
				"$(DERIVED_FILE_DIR)/Pods-PorcupineBackgroundServiceDemo-checkManifestLockResult.txt",
			);
			runOnlyForDeploymentPostprocessing = 0;
			shellPath = /bin/sh;
			shellScript = "diff \"${PODS_PODFILE_DIR_PATH}/Podfile.lock\" \"${PODS_ROOT}/Manifest.lock\" > /dev/null\nif [ $? != 0 ] ; then\n    # print error to STDERR\n    echo \"error: The sandbox is not in sync with the Podfile.lock. Run 'pod install' or update your CocoaPods installation.\" >&2\n    exit 1\nfi\n# This output is used by Xcode 'outputs' to avoid re-running this script phase.\necho \"SUCCESS\" > \"${SCRIPT_OUTPUT_FILE_0}\"\n";
			showEnvVarsInLog = 0;
		};
		8FA8B79C31FD3FF2AD7076C6 /* [CP] Copy Pods Resources */ = {
			isa = PBXShellScriptBuildPhase;
			buildActionMask = 2147483647;
			files = (
			);
			inputPaths = (
				"${PODS_ROOT}/Target Support Files/Pods-PorcupineBackgroundServiceDemo/Pods-PorcupineBackgroundServiceDemo-resources.sh",
				"${PODS_CONFIGURATION_BUILD_DIR}/Porcupine-iOS/PorcupineResources.bundle",
			);
			name = "[CP] Copy Pods Resources";
			outputPaths = (
				"${TARGET_BUILD_DIR}/${UNLOCALIZED_RESOURCES_FOLDER_PATH}/PorcupineResources.bundle",
			);
			runOnlyForDeploymentPostprocessing = 0;
			shellPath = /bin/sh;
			shellScript = "\"${PODS_ROOT}/Target Support Files/Pods-PorcupineBackgroundServiceDemo/Pods-PorcupineBackgroundServiceDemo-resources.sh\"\n";
			showEnvVarsInLog = 0;
		};
		9A78D42DD73C7B435FAF4374 /* [CP] Embed Pods Frameworks */ = {
			isa = PBXShellScriptBuildPhase;
			buildActionMask = 2147483647;
			files = (
			);
			inputPaths = (
				"${PODS_ROOT}/Target Support Files/Pods-PorcupineBackgroundServiceDemo/Pods-PorcupineBackgroundServiceDemo-frameworks.sh",
				"${PODS_XCFRAMEWORKS_BUILD_DIR}/Porcupine-iOS/PvPorcupine.framework/PvPorcupine",
			);
			name = "[CP] Embed Pods Frameworks";
			outputPaths = (
				"${TARGET_BUILD_DIR}/${FRAMEWORKS_FOLDER_PATH}/PvPorcupine.framework",
			);
			runOnlyForDeploymentPostprocessing = 0;
			shellPath = /bin/sh;
			shellScript = "\"${PODS_ROOT}/Target Support Files/Pods-PorcupineBackgroundServiceDemo/Pods-PorcupineBackgroundServiceDemo-frameworks.sh\"\n";
			showEnvVarsInLog = 0;
		};
/* End PBXShellScriptBuildPhase section */

/* Begin PBXSourcesBuildPhase section */
		BBE66BC6205DD6F7006005B1 /* Sources */ = {
			isa = PBXSourcesBuildPhase;
			buildActionMask = 2147483647;
			files = (
				1ED03A6E26C1CF650078E0E7 /* NotificationManager.swift in Sources */,
				BBE66BD0205DD6F7006005B1 /* ViewController.swift in Sources */,
				BBE66BCE205DD6F7006005B1 /* AppDelegate.swift in Sources */,
			);
			runOnlyForDeploymentPostprocessing = 0;
		};
/* End PBXSourcesBuildPhase section */

/* Begin PBXVariantGroup section */
		1ED03A6F26C1DB0F0078E0E7 /* Main.storyboard */ = {
			isa = PBXVariantGroup;
			children = (
				1ED03A7026C1DB0F0078E0E7 /* Base */,
			);
			name = Main.storyboard;
			sourceTree = "<group>";
		};
		1ED03A7226C1DB190078E0E7 /* LaunchScreen.storyboard */ = {
			isa = PBXVariantGroup;
			children = (
				1ED03A7326C1DB190078E0E7 /* Base */,
			);
			name = LaunchScreen.storyboard;
			sourceTree = "<group>";
		};
/* End PBXVariantGroup section */

/* Begin XCBuildConfiguration section */
		BBE66BE5205DD6F7006005B1 /* Debug */ = {
			isa = XCBuildConfiguration;
			buildSettings = {
				ALWAYS_SEARCH_USER_PATHS = NO;
				CLANG_ANALYZER_NONNULL = YES;
				CLANG_ANALYZER_NUMBER_OBJECT_CONVERSION = YES_AGGRESSIVE;
				CLANG_CXX_LANGUAGE_STANDARD = "gnu++14";
				CLANG_CXX_LIBRARY = "libc++";
				CLANG_ENABLE_MODULES = YES;
				CLANG_ENABLE_OBJC_ARC = YES;
				CLANG_WARN_BLOCK_CAPTURE_AUTORELEASING = YES;
				CLANG_WARN_BOOL_CONVERSION = YES;
				CLANG_WARN_COMMA = YES;
				CLANG_WARN_CONSTANT_CONVERSION = YES;
				CLANG_WARN_DEPRECATED_OBJC_IMPLEMENTATIONS = YES;
				CLANG_WARN_DIRECT_OBJC_ISA_USAGE = YES_ERROR;
				CLANG_WARN_DOCUMENTATION_COMMENTS = YES;
				CLANG_WARN_EMPTY_BODY = YES;
				CLANG_WARN_ENUM_CONVERSION = YES;
				CLANG_WARN_INFINITE_RECURSION = YES;
				CLANG_WARN_INT_CONVERSION = YES;
				CLANG_WARN_NON_LITERAL_NULL_CONVERSION = YES;
				CLANG_WARN_OBJC_IMPLICIT_RETAIN_SELF = YES;
				CLANG_WARN_OBJC_LITERAL_CONVERSION = YES;
				CLANG_WARN_OBJC_ROOT_CLASS = YES_ERROR;
				CLANG_WARN_QUOTED_INCLUDE_IN_FRAMEWORK_HEADER = YES;
				CLANG_WARN_RANGE_LOOP_ANALYSIS = YES;
				CLANG_WARN_STRICT_PROTOTYPES = YES;
				CLANG_WARN_SUSPICIOUS_MOVE = YES;
				CLANG_WARN_UNGUARDED_AVAILABILITY = YES_AGGRESSIVE;
				CLANG_WARN_UNREACHABLE_CODE = YES;
				CLANG_WARN__DUPLICATE_METHOD_MATCH = YES;
				CODE_SIGN_IDENTITY = "iPhone Developer";
				COPY_PHASE_STRIP = NO;
				DEBUG_INFORMATION_FORMAT = dwarf;
				DEVELOPMENT_TEAM = FXK66JFZWS;
				ENABLE_STRICT_OBJC_MSGSEND = YES;
				ENABLE_TESTABILITY = YES;
				GCC_C_LANGUAGE_STANDARD = gnu11;
				GCC_DYNAMIC_NO_PIC = NO;
				GCC_NO_COMMON_BLOCKS = YES;
				GCC_OPTIMIZATION_LEVEL = 0;
				GCC_PREPROCESSOR_DEFINITIONS = (
					"DEBUG=1",
					"$(inherited)",
				);
				GCC_WARN_64_TO_32_BIT_CONVERSION = YES;
				GCC_WARN_ABOUT_RETURN_TYPE = YES_ERROR;
				GCC_WARN_UNDECLARED_SELECTOR = YES;
				GCC_WARN_UNINITIALIZED_AUTOS = YES_AGGRESSIVE;
				GCC_WARN_UNUSED_FUNCTION = YES;
				GCC_WARN_UNUSED_VARIABLE = YES;
				IPHONEOS_DEPLOYMENT_TARGET = 11.0;
				MTL_ENABLE_DEBUG_INFO = YES;
				ONLY_ACTIVE_ARCH = YES;
				SDKROOT = iphoneos;
				SWIFT_ACTIVE_COMPILATION_CONDITIONS = DEBUG;
				SWIFT_INCLUDE_PATHS = "${SRCROOT}";
				SWIFT_OPTIMIZATION_LEVEL = "-Onone";
			};
			name = Debug;
		};
		BBE66BE6205DD6F7006005B1 /* Release */ = {
			isa = XCBuildConfiguration;
			buildSettings = {
				ALWAYS_SEARCH_USER_PATHS = NO;
				CLANG_ANALYZER_NONNULL = YES;
				CLANG_ANALYZER_NUMBER_OBJECT_CONVERSION = YES_AGGRESSIVE;
				CLANG_CXX_LANGUAGE_STANDARD = "gnu++14";
				CLANG_CXX_LIBRARY = "libc++";
				CLANG_ENABLE_MODULES = YES;
				CLANG_ENABLE_OBJC_ARC = YES;
				CLANG_WARN_BLOCK_CAPTURE_AUTORELEASING = YES;
				CLANG_WARN_BOOL_CONVERSION = YES;
				CLANG_WARN_COMMA = YES;
				CLANG_WARN_CONSTANT_CONVERSION = YES;
				CLANG_WARN_DEPRECATED_OBJC_IMPLEMENTATIONS = YES;
				CLANG_WARN_DIRECT_OBJC_ISA_USAGE = YES_ERROR;
				CLANG_WARN_DOCUMENTATION_COMMENTS = YES;
				CLANG_WARN_EMPTY_BODY = YES;
				CLANG_WARN_ENUM_CONVERSION = YES;
				CLANG_WARN_INFINITE_RECURSION = YES;
				CLANG_WARN_INT_CONVERSION = YES;
				CLANG_WARN_NON_LITERAL_NULL_CONVERSION = YES;
				CLANG_WARN_OBJC_IMPLICIT_RETAIN_SELF = YES;
				CLANG_WARN_OBJC_LITERAL_CONVERSION = YES;
				CLANG_WARN_OBJC_ROOT_CLASS = YES_ERROR;
				CLANG_WARN_QUOTED_INCLUDE_IN_FRAMEWORK_HEADER = YES;
				CLANG_WARN_RANGE_LOOP_ANALYSIS = YES;
				CLANG_WARN_STRICT_PROTOTYPES = YES;
				CLANG_WARN_SUSPICIOUS_MOVE = YES;
				CLANG_WARN_UNGUARDED_AVAILABILITY = YES_AGGRESSIVE;
				CLANG_WARN_UNREACHABLE_CODE = YES;
				CLANG_WARN__DUPLICATE_METHOD_MATCH = YES;
				CODE_SIGN_IDENTITY = "iPhone Developer";
				COPY_PHASE_STRIP = NO;
				DEBUG_INFORMATION_FORMAT = "dwarf-with-dsym";
				DEVELOPMENT_TEAM = FXK66JFZWS;
				ENABLE_NS_ASSERTIONS = NO;
				ENABLE_STRICT_OBJC_MSGSEND = YES;
				GCC_C_LANGUAGE_STANDARD = gnu11;
				GCC_NO_COMMON_BLOCKS = YES;
				GCC_WARN_64_TO_32_BIT_CONVERSION = YES;
				GCC_WARN_ABOUT_RETURN_TYPE = YES_ERROR;
				GCC_WARN_UNDECLARED_SELECTOR = YES;
				GCC_WARN_UNINITIALIZED_AUTOS = YES_AGGRESSIVE;
				GCC_WARN_UNUSED_FUNCTION = YES;
				GCC_WARN_UNUSED_VARIABLE = YES;
				IPHONEOS_DEPLOYMENT_TARGET = 11.0;
				MTL_ENABLE_DEBUG_INFO = NO;
				SDKROOT = iphoneos;
				SWIFT_INCLUDE_PATHS = "${SRCROOT}";
				SWIFT_OPTIMIZATION_LEVEL = "-Owholemodule";
				VALIDATE_PRODUCT = YES;
			};
			name = Release;
		};
		BBE66BE8205DD6F7006005B1 /* Debug */ = {
			isa = XCBuildConfiguration;
			baseConfigurationReference = AD5BCD9C1D822E71CBE38470 /* Pods-PorcupineBackgroundServiceDemo.debug.xcconfig */;
			buildSettings = {
				ASSETCATALOG_COMPILER_APPICON_NAME = AppIcon;
				CODE_SIGN_STYLE = Automatic;
				CURRENT_PROJECT_VERSION = 1.0;
				DEVELOPMENT_TEAM = 65723695GD;
				INFOPLIST_FILE = "$(SRCROOT)/PorcupineBackgroundServiceDemo/Info.plist";
				IPHONEOS_DEPLOYMENT_TARGET = 11.0;
				LD_RUNPATH_SEARCH_PATHS = "$(inherited) @executable_path/Frameworks";
				MARKETING_VERSION = 1.0;
				PRODUCT_BUNDLE_IDENTIFIER = ai.picovoice.PorcupineBackgroundServiceDemo;
				PRODUCT_NAME = "$(TARGET_NAME)";
				SWIFT_VERSION = 5.0;
				TARGETED_DEVICE_FAMILY = "1,2";
			};
			name = Debug;
		};
		BBE66BE9205DD6F7006005B1 /* Release */ = {
			isa = XCBuildConfiguration;
			baseConfigurationReference = 2D3E75E8A2375109B4C494A9 /* Pods-PorcupineBackgroundServiceDemo.release.xcconfig */;
			buildSettings = {
				ASSETCATALOG_COMPILER_APPICON_NAME = AppIcon;
				CODE_SIGN_STYLE = Automatic;
				CURRENT_PROJECT_VERSION = 1.0;
				DEVELOPMENT_TEAM = 65723695GD;
				INFOPLIST_FILE = "$(SRCROOT)/PorcupineBackgroundServiceDemo/Info.plist";
				IPHONEOS_DEPLOYMENT_TARGET = 11.0;
				LD_RUNPATH_SEARCH_PATHS = "$(inherited) @executable_path/Frameworks";
				MARKETING_VERSION = 1.0;
				PRODUCT_BUNDLE_IDENTIFIER = ai.picovoice.PorcupineBackgroundServiceDemo;
				PRODUCT_NAME = "$(TARGET_NAME)";
				SWIFT_VERSION = 5.0;
				TARGETED_DEVICE_FAMILY = "1,2";
			};
			name = Release;
		};
/* End XCBuildConfiguration section */

/* Begin XCConfigurationList section */
		BBE66BC5205DD6F7006005B1 /* Build configuration list for PBXProject "PorcupineBackgroundServiceDemo" */ = {
			isa = XCConfigurationList;
			buildConfigurations = (
				BBE66BE5205DD6F7006005B1 /* Debug */,
				BBE66BE6205DD6F7006005B1 /* Release */,
			);
			defaultConfigurationIsVisible = 0;
			defaultConfigurationName = Release;
		};
		BBE66BE7205DD6F7006005B1 /* Build configuration list for PBXNativeTarget "PorcupineBackgroundServiceDemo" */ = {
			isa = XCConfigurationList;
			buildConfigurations = (
				BBE66BE8205DD6F7006005B1 /* Debug */,
				BBE66BE9205DD6F7006005B1 /* Release */,
			);
			defaultConfigurationIsVisible = 0;
			defaultConfigurationName = Release;
		};
/* End XCConfigurationList section */
	};
	rootObject = BBE66BC2205DD6F7006005B1 /* Project object */;
}
