# THIS IS AN AUTOGENERATED FILE. DO NOT EDIT THIS FILE DIRECTLY.
# yarn lockfile v1


"@picovoice/porcupine-node@^2.1.0":
  version "2.1.0"
  resolved "https://registry.yarnpkg.com/@picovoice/porcupine-node/-/porcupine-node-2.1.0.tgz#6353b59a7075b66b2e23fb0c03cd5c35e0fd7be6"
  integrity sha512-pduVeuf5O9jmQ+JsMPnztVja8ldjS3uOnS15JjbdKmX4L5KmNapc1Q93DIhV82PcOywTC587Wy+/B9/AcVSf7Q==

"@picovoice/pvrecorder-node@1.0.2":
  version "1.0.2"
  resolved "https://registry.yarnpkg.com/@picovoice/pvrecorder-node/-/pvrecorder-node-1.0.2.tgz#c61b42f06181b09f7fdd87ee1b7bfac60e0e5704"
  integrity sha512-DF8wEAUU3hAZwIBCyX8QAavW0cad1Iuh1OvkglcGUFq/0Ve9whjsd1fKAVaUxY1gSgCfBAK+blEn8alQ2pdpAA==
  dependencies:
    ncp "^2.0.0"

commander@^6.1.0:
  version "6.2.1"
  resolved "https://registry.yarnpkg.com/commander/-/commander-6.2.1.tgz#0792eb682dfbc325999bb2b84fddddba110ac73c"
  integrity sha512-U7VdrJFnJgo4xjrHpTzu0yrHPGImdsmD95ZlgYSEajAn2JKzDhDTPG9kBTefmObL2w/ngeZnilk+OV9CG3d7UA==

ncp@^2.0.0:
  version "2.0.0"
  resolved "https://registry.yarnpkg.com/ncp/-/ncp-2.0.0.tgz#195a21d6c46e361d2fb1281ba38b91e9df7bdbb3"
  integrity sha1-GVoh1sRuNh0vsSgbo4uR6d9727M=

wavefile@^11.0.0:
  version "11.0.0"
  resolved "https://registry.yarnpkg.com/wavefile/-/wavefile-11.0.0.tgz#9302165874327ff63a704d00b154c753eaa1b8e7"
  integrity sha512-/OBiAALgWU24IG7sC84cDO/KfFuvajWc5Uec0oV2zrpOOZZDgGdOwHwgEzOrwh8jkubBk7PtZfQBIcI1OaE5Ng==
