# THIS IS AN AUTOGENERATED FILE. DO NOT EDIT THIS FILE DIRECTLY.
# yarn lockfile v1


"@picovoice/porcupine-node@~3.0.6":
  version "3.0.6"
  resolved "https://registry.yarnpkg.com/@picovoice/porcupine-node/-/porcupine-node-3.0.6.tgz#f97d54074d2d155d36b135c8ff522231dcd08a85"
  integrity sha512-vYlY0Hf9ovRB+Z9yyLReiVYZkLsm/kVPgDWTu2dgtqAooednohljfxSRzJUojapp8BFd7aW8P3H/4sm1zy49lw==

"@picovoice/pvrecorder-node@~1.2.5":
  version "1.2.5"
  resolved "https://registry.yarnpkg.com/@picovoice/pvrecorder-node/-/pvrecorder-node-1.2.5.tgz#a47e11d347979ef0f1b083657ff69dd9bd2efe5c"
  integrity sha512-bnid5oInf22JRdrZ75z8ooewOza0whYI9w/oSQSZbkDvddylPPrY6x+1L1qIyf5Tb8ZtzKQL+aQ9m8SazgRHFg==

commander@^6.1.0:
  version "6.2.1"
  resolved "https://registry.yarnpkg.com/commander/-/commander-6.2.1.tgz#0792eb682dfbc325999bb2b84fddddba110ac73c"
  integrity sha512-U7VdrJFnJgo4xjrHpTzu0yrHPGImdsmD95ZlgYSEajAn2JKzDhDTPG9kBTefmObL2w/ngeZnilk+OV9CG3d7UA==

wavefile@^11.0.0:
  version "11.0.0"
  resolved "https://registry.yarnpkg.com/wavefile/-/wavefile-11.0.0.tgz#9302165874327ff63a704d00b154c753eaa1b8e7"
  integrity sha512-/OBiAALgWU24IG7sC84cDO/KfFuvajWc5Uec0oV2zrpOOZZDgGdOwHwgEzOrwh8jkubBk7PtZfQBIcI1OaE5Ng==
