# THIS IS AN AUTOGENERATED FILE. DO NOT EDIT THIS FILE DIRECTLY.
# yarn lockfile v1


"@picovoice/porcupine-node@1.9.2":
  version "1.9.2"
  resolved "https://registry.yarnpkg.com/@picovoice/porcupine-node/-/porcupine-node-1.9.2.tgz#509d0cd8c7b66715f1f0b2430b7e732cbf70d026"
  integrity sha512-b3dP7ufPGBu/g3HwWKBO9/X2+f3iTTd1h8JkFi1NLc369hBXE1DnSFRqOCNgsDd7w3Jjlgs6qxJgQ8E6ivHJ7A==

"@picovoice/pvrecorder-node@1.0.1":
  version "1.0.1"
  resolved "https://registry.yarnpkg.com/@picovoice/pvrecorder-node/-/pvrecorder-node-1.0.1.tgz#6f6de63e0901ea6d5cb331f49b610ed4eb5121f5"
  integrity sha512-DE9cIfRmERZhuEdZDw5XYN8405dbdzY3YsBX3ygLPg3k/hUjzYoztAMFAKn0JHZs08zbzoWBg4xX748Yrndl2g==
  dependencies:
    ncp "^2.0.0"

commander@^6.1.0:
  version "6.2.1"
  resolved "https://registry.yarnpkg.com/commander/-/commander-6.2.1.tgz#0792eb682dfbc325999bb2b84fddddba110ac73c"
  integrity sha512-U7VdrJFnJgo4xjrHpTzu0yrHPGImdsmD95ZlgYSEajAn2JKzDhDTPG9kBTefmObL2w/ngeZnilk+OV9CG3d7UA==

ncp@^2.0.0:
  version "2.0.0"
  resolved "https://registry.yarnpkg.com/ncp/-/ncp-2.0.0.tgz#195a21d6c46e361d2fb1281ba38b91e9df7bdbb3"
  integrity sha1-GVoh1sRuNh0vsSgbo4uR6d9727M=

wavefile@^11.0.0:
  version "11.0.0"
  resolved "https://registry.yarnpkg.com/wavefile/-/wavefile-11.0.0.tgz#9302165874327ff63a704d00b154c753eaa1b8e7"
  integrity sha512-/OBiAALgWU24IG7sC84cDO/KfFuvajWc5Uec0oV2zrpOOZZDgGdOwHwgEzOrwh8jkubBk7PtZfQBIcI1OaE5Ng==
