PODS:
  - ios-voice-processor (1.0.3)
  - Porcupine-iOS (2.2.0):
    - ios-voice-processor (~> 1.0.2)
  - SwiftySound (1.2.0)

DEPENDENCIES:
  - Porcupine-iOS (~> 2.2.0)
  - SwiftySound

SPEC REPOS:
  trunk:
    - ios-voice-processor
    - Porcupine-iOS
    - SwiftySound

SPEC CHECKSUMS:
  ios-voice-processor: 65b25a8db69ea25ffba0eeef37bae71a982f34cc
  Porcupine-iOS: 34f7b77fbd5f999eb9c4daa94acbb6c90c08ad1e
  SwiftySound: 9eb28bb14edb601b40027e44319e0ef8383f88bf

PODFILE CHECKSUM: 4e90dbc3e0b12989c594f6e319b3055b63461c1b

COCOAPODS: 1.12.0
