PODS:
  - ios-voice-processor (1.0.1)
  - Porcupine-iOS (1.9.4):
    - ios-voice-processor

DEPENDENCIES:
  - Porcupine-iOS (from `../../binding/ios`)

SPEC REPOS:
  trunk:
    - ios-voice-processor

EXTERNAL SOURCES:
  Porcupine-iOS:
    :path: "../../binding/ios"

SPEC CHECKSUMS:
  ios-voice-processor: 4ffd045b9eea6ba302cdd355c64ae5a9516b418d
  Porcupine-iOS: 30abe1c76aab54d3f2fc4361dd0faed66c456654

PODFILE CHECKSUM: 3034ef9cccb38251b19b01fbae94133ad97bc6c6

COCOAPODS: 1.10.2
